{
  "version": 4,
  "terraform_version": "1.5.2",
  "serial": 3,
  "lineage": "2965570e-84b5-b5dc-f046-62850130c107",
  "outputs": {
    "ip_address": {
      "value": "10.1.2.16",
      "type": "string"
    }
  },
  "resources": [
    {
      "module": "module.oci_core_instance_swinton",
      "mode": "managed",
      "type": "oci_core_instance",
      "name": "instance",
      "provider": "provider[\"registry.terraform.io/hashicorp/oci\"]",
      "instances": [
        {
          "schema_version": 0,
          "attributes": {
            "agent_config": [
              {
                "are_all_plugins_disabled": false,
                "is_management_disabled": false,
                "is_monitoring_disabled": false,
                "plugins_config": [
                  {
                    "desired_state": "DISABLED",
                    "name": "Vulnerability Scanning"
                  },
                  {
                    "desired_state": "ENABLED",
                    "name": "Oracle Autonomous Linux"
                  },
                  {
                    "desired_state": "ENABLED",
                    "name": "OS Management Service Agent"
                  },
                  {
                    "desired_state": "DISABLED",
                    "name": "Management Agent"
                  },
                  {
                    "desired_state": "ENABLED",
                    "name": "Custom Logs Monitoring"
                  },
                  {
                    "desired_state": "ENABLED",
                    "name": "Compute Instance Run Command"
                  },
                  {
                    "desired_state": "ENABLED",
                    "name": "Compute Instance Monitoring"
                  },
                  {
                    "desired_state": "DISABLED",
                    "name": "Block Volume Management"
                  },
                  {
                    "desired_state": "DISABLED",
                    "name": "Bastion"
                  }
                ]
              }
            ],
            "async": null,
            "availability_config": [
              {
                "is_live_migration_preferred": true,
                "recovery_action": "RESTORE_INSTANCE"
              }
            ],
            "availability_domain": "CdKG:SA-SAOPAULO-1-AD-1",
            "boot_volume_id": "ocid1.bootvolume.oc1.sa-saopaulo-1.abtxeljrm4rvvbtwli2yadlzbsqzy3zz56weyiwomz7zktbxobwualjz2ska",
            "capacity_reservation_id": null,
            "compartment_id": "ocid1.compartment.oc1..aaaaaaaan6pesto6qpypbokggla62h3vmsb3peuvjwsjwya5pdl5uxznjuvq",
            "compute_cluster_id": null,
            "create_vnic_details": [
              {
                "assign_private_dns_record": false,
                "assign_public_ip": "false",
                "defined_tags": {
                  "Oracle-Tags.CreatedBy": "fernanda.knau",
                  "Oracle-Tags.CreatedOn": "2023-06-15T13:15:35.301Z"
                },
                "display_name": "swinton",
                "freeform_tags": {},
                "hostname_label": "swinton",
                "nsg_ids": [
                  "ocid1.networksecuritygroup.oc1.sa-saopaulo-1.aaaaaaaa7zuio7jjvjyawjbv3laez6llf7binizyn7ftysrki5elsh2diapa",
                  "ocid1.networksecuritygroup.oc1.sa-saopaulo-1.aaaaaaaazzluq452htw5xvo4riuurraeig6pqom4lizfhhv5mwjutfmqzhwq"
                ],
                "private_ip": "10.1.2.16",
                "skip_source_dest_check": false,
                "subnet_id": "ocid1.subnet.oc1.sa-saopaulo-1.aaaaaaaazdo5lzro2qs55obecd2ty5tfrqx6wal4ieksfcsvui7wubxfxxha",
                "vlan_id": ""
              }
            ],
            "dedicated_vm_host_id": null,
            "defined_tags": {
              "Oracle-Tags.CreatedBy": "fernanda.knau",
              "Oracle-Tags.CreatedOn": "2023-06-15T13:15:35.181Z"
            },
            "display_name": "swinton",
            "extended_metadata": {},
            "fault_domain": "FAULT-DOMAIN-2",
            "freeform_tags": {},
            "hostname_label": "swinton",
            "id": "ocid1.instance.oc1.sa-saopaulo-1.antxeljr5olgpzic64s4xx3glh22ehzrjwi5526wyrodgy2k7e3h225xcuwq",
            "image": "ocid1.image.oc1.sa-saopaulo-1.aaaaaaaa54iuu4jsloigmq5pxirk4qql2p5igouk6uip7h2pvpfhdqjawjkq",
            "instance_configuration_id": null,
            "instance_options": [
              {
                "are_legacy_imds_endpoints_disabled": false
              }
            ],
            "ipxe_script": null,
            "is_cross_numa_node": false,
            "is_pv_encryption_in_transit_enabled": true,
            "launch_mode": "PARAVIRTUALIZED",
            "launch_options": [
              {
                "boot_volume_type": "PARAVIRTUALIZED",
                "firmware": "UEFI_64",
                "is_consistent_volume_naming_enabled": true,
                "is_pv_encryption_in_transit_enabled": true,
                "network_type": "PARAVIRTUALIZED",
                "remote_data_volume_type": "PARAVIRTUALIZED"
              }
            ],
            "metadata": {
              "ssh_authorized_keys": "ssh-rsa AAAAB3NzaC1yc2EAAAADAQABAAABAQCmOrGmpmgfK1uqJc1W6mlv7oL8AhdzhPwH0KC2Br5u6Cxlgo6vFHA5O2bef3pdWd92B5RyCWgJFeAJcHUkQMuyyNBrIqK+5Ym/h3CIPPnA/mtFu/lB8x88G64et1FUKfhewbyiFg7oX2IdDmrVsqzrfwuxh/cLFwq/J4GjzF96+KvUy/A/K+GcuKojGgvQX7bR5UXq/peCuO/7fRlWaQDjo+9vXmvz+TaPVClKlx5kUs5UfNLnajtCMLyzt3RcDrA/C1FPY09GjqhTwo7nc0nScOmZXVbdDnB4bsve6a0PAvcJ23OdF4lS9bXJ6XdEH3ZQEbXERw/dndNRkfEAehAJ thiago@cr4026"
            },
            "platform_config": [],
            "preemptible_instance_config": [],
            "preserve_boot_volume": false,
            "private_ip": "10.1.2.16",
            "public_ip": "",
            "region": "sa-saopaulo-1",
            "shape": "VM.Standard.E4.Flex",
            "shape_config": [
              {
                "baseline_ocpu_utilization": "BASELINE_1_1",
                "gpu_description": "",
                "gpus": 0,
                "local_disk_description": "",
                "local_disks": 0,
                "local_disks_total_size_in_gbs": 0,
                "max_vnic_attachments": 2,
                "memory_in_gbs": 8,
                "networking_bandwidth_in_gbps": 1,
                "nvmes": 0,
                "ocpus": 1,
                "processor_description": "2.55 GHz AMD EPYC™ 7J13 (Milan)",
                "vcpus": 2
              }
            ],
            "source_details": [
              {
                "boot_volume_size_in_gbs": "47",
                "boot_volume_vpus_per_gb": "10",
                "instance_source_image_filter_details": [],
                "kms_key_id": "ocid1.key.oc1.sa-saopaulo-1.cvqwod3raagre.abtxeljrb6plq43v5x5tqfqzcmtp6lg7jqu4vog6yqkzy4atwxuth3fqdura",
                "source_id": "ocid1.image.oc1.sa-saopaulo-1.aaaaaaaa54iuu4jsloigmq5pxirk4qql2p5igouk6uip7h2pvpfhdqjawjkq",
                "source_type": "image"
              }
            ],
            "state": "RUNNING",
            "subnet_id": "ocid1.subnet.oc1.sa-saopaulo-1.aaaaaaaazdo5lzro2qs55obecd2ty5tfrqx6wal4ieksfcsvui7wubxfxxha",
            "system_tags": {},
            "time_created": "2023-06-15 13:15:36.191 +0000 UTC",
            "time_maintenance_reboot_due": "",
            "timeouts": null,
            "update_operation_constraint": null
          },
          "sensitive_attributes": [],
          "private": "eyJlMmJmYjczMC1lY2FhLTExZTYtOGY4OC0zNDM2M2JjN2M0YzAiOnsiY3JlYXRlIjoyNzAwMDAwMDAwMDAwLCJkZWxldGUiOjQ1MDAwMDAwMDAwMDAsInVwZGF0ZSI6MjcwMDAwMDAwMDAwMH0sInNjaGVtYV92ZXJzaW9uIjoiMCJ9"
        }
      ]
    }
  ],
  "check_results": null
}
