{
  "version": 4,
  "terraform_version": "1.5.5",
  "serial": 803,
  "lineage": "e02c10b5-6d0e-3112-e9fd-0a33bf663796",
  "outputs": {
    "drg-oci-spo1-id": {
      "value": "ocid1.drg.oc1.iad.aaaaaaaaw547kflaugb5wt4y6rmvvyuveab5xdczfbge5wrhtdaxpnaq3aoa",
      "type": "string"
    },
    "ip_address_cachoeirinha": {
      "value": "10.1.0.156",
      "type": "string"
    },
    "ip_address_floripa": {
      "value": "10.2.0.155",
      "type": "string"
    },
    "latest_ol_arm_image": {
      "value": "Oracle-Linux-9.2-aarch64-2023.07.31-0",
      "type": "string"
    },
    "nsg_id_cachoeirinha": {
      "value": "ocid1.networksecuritygroup.oc1.iad.aaaaaaaaboas5mbtg5w5xc6vbnsalvrrkdcuqpbb6wfs4juwtc3pt666ilza",
      "type": "string"
    },
    "nsg_id_floripa": {
      "value": "ocid1.networksecuritygroup.oc1.iad.aaaaaaaaisgii4s5b4y2fzxcerny4kjclkewvtgdogyls7fujrmabwnjx2ua",
      "type": "string"
    },
    "vcn-oci-spo1i-id": {
      "value": "ocid1.vcn.oc1.iad.amaaaaaaclwpmsiaoifl3tipautez22seb74rgiwrgsyzoaqjdzbapnoprka",
      "type": "string"
    },
    "vcn-oci-spo1p-id": {
      "value": "ocid1.vcn.oc1.iad.amaaaaaaclwpmsiamayqapkwkmsqrhh2uu6npssmqprl5qy7tufhba3lyvqq",
      "type": "string"
    }
  },
  "resources": [
    {
      "mode": "data",
      "type": "oci_core_images",
      "name": "oraclelinux_arm_images",
      "provider": "provider[\"registry.terraform.io/hashicorp/oci\"]",
      "instances": [
        {
          "schema_version": 0,
          "attributes": {
            "compartment_id": "ocid1.tenancy.oc1..aaaaaaaarnqf3vhed7uvo2bgzhcvu3stm7azylxeacps653xpgk62jkkbvba",
            "display_name": null,
            "filter": null,
            "id": "CoreImagesDataSource-1570194816",
            "images": [
              {
                "agent_features": [],
                "base_image_id": "",
                "billable_size_in_gbs": "5",
                "compartment_id": "",
                "create_image_allowed": true,
                "defined_tags": {},
                "display_name": "Oracle-Linux-9.2-aarch64-2023.07.31-0",
                "freeform_tags": {},
                "id": "ocid1.image.oc1.iad.aaaaaaaalw7mfv2zza67zvyxwz23tiz5pfeq3no7ejyou5e42eiggb7b4bpq",
                "image_source_details": [],
                "instance_id": "",
                "launch_mode": "NATIVE",
                "launch_options": [
                  {
                    "boot_volume_type": "PARAVIRTUALIZED",
                    "firmware": "UEFI_64",
                    "is_consistent_volume_naming_enabled": true,
                    "is_pv_encryption_in_transit_enabled": true,
                    "network_type": "PARAVIRTUALIZED",
                    "remote_data_volume_type": "PARAVIRTUALIZED"
                  }
                ],
                "listing_type": "",
                "operating_system": "Oracle Linux",
                "operating_system_version": "9",
                "size_in_mbs": "47694",
                "state": "AVAILABLE",
                "time_created": "2023-08-04 07:43:53.095 +0000 UTC"
              },
              {
                "agent_features": [],
                "base_image_id": "",
                "billable_size_in_gbs": "6",
                "compartment_id": "",
                "create_image_allowed": true,
                "defined_tags": {},
                "display_name": "Oracle-Linux-9.2-aarch64-2023.06.30-0",
                "freeform_tags": {},
                "id": "ocid1.image.oc1.iad.aaaaaaaaoilbor2phohymjjhapyl6b66njoe6jf2txu5jj7ivyksjrt342aa",
                "image_source_details": [],
                "instance_id": "",
                "launch_mode": "NATIVE",
                "launch_options": [
                  {
                    "boot_volume_type": "PARAVIRTUALIZED",
                    "firmware": "UEFI_64",
                    "is_consistent_volume_naming_enabled": true,
                    "is_pv_encryption_in_transit_enabled": true,
                    "network_type": "PARAVIRTUALIZED",
                    "remote_data_volume_type": "PARAVIRTUALIZED"
                  }
                ],
                "listing_type": "",
                "operating_system": "Oracle Linux",
                "operating_system_version": "9",
                "size_in_mbs": "47694",
                "state": "AVAILABLE",
                "time_created": "2023-07-12 09:40:27.103 +0000 UTC"
              },
              {
                "agent_features": [],
                "base_image_id": "",
                "billable_size_in_gbs": "5",
                "compartment_id": "",
                "create_image_allowed": true,
                "defined_tags": {},
                "display_name": "Oracle-Linux-9.1-aarch64-2023.05.24-0",
                "freeform_tags": {},
                "id": "ocid1.image.oc1.iad.aaaaaaaav4x4mfyhsu4ue3itv3xiq2fiuc4fhosuvumiwsup4pzaitkpvuba",
                "image_source_details": [],
                "instance_id": "",
                "launch_mode": "NATIVE",
                "launch_options": [
                  {
                    "boot_volume_type": "PARAVIRTUALIZED",
                    "firmware": "UEFI_64",
                    "is_consistent_volume_naming_enabled": true,
                    "is_pv_encryption_in_transit_enabled": true,
                    "network_type": "PARAVIRTUALIZED",
                    "remote_data_volume_type": "PARAVIRTUALIZED"
                  }
                ],
                "listing_type": "",
                "operating_system": "Oracle Linux",
                "operating_system_version": "9",
                "size_in_mbs": "47694",
                "state": "AVAILABLE",
                "time_created": "2023-06-06 04:23:36.956 +0000 UTC"
              },
              {
                "agent_features": [],
                "base_image_id": "",
                "billable_size_in_gbs": "5",
                "compartment_id": "",
                "create_image_allowed": true,
                "defined_tags": {},
                "display_name": "Oracle-Linux-8.8-aarch64-2023.07.31-1",
                "freeform_tags": {},
                "id": "ocid1.image.oc1.iad.aaaaaaaauueacrqvnpoq7vlvqiv5uozheguisfmx7uqor7yywfogjcf7guwq",
                "image_source_details": [],
                "instance_id": "",
                "launch_mode": "NATIVE",
                "launch_options": [
                  {
                    "boot_volume_type": "PARAVIRTUALIZED",
                    "firmware": "UEFI_64",
                    "is_consistent_volume_naming_enabled": true,
                    "is_pv_encryption_in_transit_enabled": true,
                    "network_type": "PARAVIRTUALIZED",
                    "remote_data_volume_type": "PARAVIRTUALIZED"
                  }
                ],
                "listing_type": "",
                "operating_system": "Oracle Linux",
                "operating_system_version": "8",
                "size_in_mbs": "47694",
                "state": "AVAILABLE",
                "time_created": "2023-08-04 02:55:25.252 +0000 UTC"
              },
              {
                "agent_features": [],
                "base_image_id": "",
                "billable_size_in_gbs": "5",
                "compartment_id": "",
                "create_image_allowed": true,
                "defined_tags": {},
                "display_name": "Oracle-Linux-8.8-aarch64-2023.06.30-0",
                "freeform_tags": {},
                "id": "ocid1.image.oc1.iad.aaaaaaaapbpf5zbi7vfpxitfneblm4zfho3h3ejbkk4w7ajvgfp3xzkzrquq",
                "image_source_details": [],
                "instance_id": "",
                "launch_mode": "NATIVE",
                "launch_options": [
                  {
                    "boot_volume_type": "PARAVIRTUALIZED",
                    "firmware": "UEFI_64",
                    "is_consistent_volume_naming_enabled": true,
                    "is_pv_encryption_in_transit_enabled": true,
                    "network_type": "PARAVIRTUALIZED",
                    "remote_data_volume_type": "PARAVIRTUALIZED"
                  }
                ],
                "listing_type": "",
                "operating_system": "Oracle Linux",
                "operating_system_version": "8",
                "size_in_mbs": "47694",
                "state": "AVAILABLE",
                "time_created": "2023-07-12 09:40:21.335 +0000 UTC"
              },
              {
                "agent_features": [],
                "base_image_id": "",
                "billable_size_in_gbs": "5",
                "compartment_id": "",
                "create_image_allowed": true,
                "defined_tags": {},
                "display_name": "Oracle-Linux-8.7-aarch64-2023.05.24-0",
                "freeform_tags": {},
                "id": "ocid1.image.oc1.iad.aaaaaaaarxv4fl2ktujk4amgkfj4g2tjju5dlzym644cmqfzpno3jlypuzva",
                "image_source_details": [],
                "instance_id": "",
                "launch_mode": "NATIVE",
                "launch_options": [
                  {
                    "boot_volume_type": "PARAVIRTUALIZED",
                    "firmware": "UEFI_64",
                    "is_consistent_volume_naming_enabled": true,
                    "is_pv_encryption_in_transit_enabled": true,
                    "network_type": "PARAVIRTUALIZED",
                    "remote_data_volume_type": "PARAVIRTUALIZED"
                  }
                ],
                "listing_type": "",
                "operating_system": "Oracle Linux",
                "operating_system_version": "8",
                "size_in_mbs": "47694",
                "state": "AVAILABLE",
                "time_created": "2023-06-06 04:22:20.946 +0000 UTC"
              },
              {
                "agent_features": [],
                "base_image_id": "",
                "billable_size_in_gbs": "4",
                "compartment_id": "",
                "create_image_allowed": true,
                "defined_tags": {},
                "display_name": "Oracle-Linux-7.9-aarch64-2023.07.31-0",
                "freeform_tags": {},
                "id": "ocid1.image.oc1.iad.aaaaaaaaohkcd3l57zwni43xxfupmfpwybnhqukqlr5eyupbqbf6hgdu6klq",
                "image_source_details": [],
                "instance_id": "",
                "launch_mode": "NATIVE",
                "launch_options": [
                  {
                    "boot_volume_type": "PARAVIRTUALIZED",
                    "firmware": "UEFI_64",
                    "is_consistent_volume_naming_enabled": true,
                    "is_pv_encryption_in_transit_enabled": true,
                    "network_type": "PARAVIRTUALIZED",
                    "remote_data_volume_type": "PARAVIRTUALIZED"
                  }
                ],
                "listing_type": "",
                "operating_system": "Oracle Linux",
                "operating_system_version": "7.9",
                "size_in_mbs": "47694",
                "state": "AVAILABLE",
                "time_created": "2023-08-04 07:44:52.169 +0000 UTC"
              },
              {
                "agent_features": [],
                "base_image_id": "",
                "billable_size_in_gbs": "4",
                "compartment_id": "",
                "create_image_allowed": true,
                "defined_tags": {},
                "display_name": "Oracle-Linux-7.9-aarch64-2023.06.30-0",
                "freeform_tags": {},
                "id": "ocid1.image.oc1.iad.aaaaaaaa3jvdgtmbs25kvu2aqzeeyfuood5buploxjel3o5rrjoynyue5zhq",
                "image_source_details": [],
                "instance_id": "",
                "launch_mode": "NATIVE",
                "launch_options": [
                  {
                    "boot_volume_type": "PARAVIRTUALIZED",
                    "firmware": "UEFI_64",
                    "is_consistent_volume_naming_enabled": true,
                    "is_pv_encryption_in_transit_enabled": true,
                    "network_type": "PARAVIRTUALIZED",
                    "remote_data_volume_type": "PARAVIRTUALIZED"
                  }
                ],
                "listing_type": "",
                "operating_system": "Oracle Linux",
                "operating_system_version": "7.9",
                "size_in_mbs": "47694",
                "state": "AVAILABLE",
                "time_created": "2023-07-12 09:40:16.797 +0000 UTC"
              },
              {
                "agent_features": [],
                "base_image_id": "",
                "billable_size_in_gbs": "4",
                "compartment_id": "",
                "create_image_allowed": true,
                "defined_tags": {},
                "display_name": "Oracle-Linux-7.9-aarch64-2023.05.24-0",
                "freeform_tags": {},
                "id": "ocid1.image.oc1.iad.aaaaaaaar7cb3jsyte6nx5azbfq4xk33feebpaotu7oobm6ci4ckfacac7fq",
                "image_source_details": [],
                "instance_id": "",
                "launch_mode": "NATIVE",
                "launch_options": [
                  {
                    "boot_volume_type": "PARAVIRTUALIZED",
                    "firmware": "UEFI_64",
                    "is_consistent_volume_naming_enabled": true,
                    "is_pv_encryption_in_transit_enabled": true,
                    "network_type": "PARAVIRTUALIZED",
                    "remote_data_volume_type": "PARAVIRTUALIZED"
                  }
                ],
                "listing_type": "",
                "operating_system": "Oracle Linux",
                "operating_system_version": "7.9",
                "size_in_mbs": "47694",
                "state": "AVAILABLE",
                "time_created": "2023-06-06 04:22:21.988 +0000 UTC"
              }
            ],
            "operating_system": "Oracle Linux",
            "operating_system_version": null,
            "shape": "VM.Standard.A1.Flex",
            "sort_by": "DISPLAYNAME",
            "sort_order": "DESC",
            "state": null
          },
          "sensitive_attributes": []
        }
      ]
    },
    {
      "module": "module.drg-oci-spo1",
      "mode": "managed",
      "type": "oci_core_drg",
      "name": "cs_drg",
      "provider": "provider[\"registry.terraform.io/hashicorp/oci\"]",
      "instances": [
        {
          "schema_version": 0,
          "attributes": {
            "compartment_id": "ocid1.tenancy.oc1..aaaaaaaarnqf3vhed7uvo2bgzhcvu3stm7azylxeacps653xpgk62jkkbvba",
            "default_drg_route_tables": [
              {
                "ipsec_tunnel": "ocid1.drgroutetable.oc1.iad.aaaaaaaaerodbowthalte2h4ue3dvrrkn3jlz2tvhij65gqo3tasgta7hosq",
                "remote_peering_connection": "ocid1.drgroutetable.oc1.iad.aaaaaaaaerodbowthalte2h4ue3dvrrkn3jlz2tvhij65gqo3tasgta7hosq",
                "vcn": "ocid1.drgroutetable.oc1.iad.aaaaaaaathx42rp2s5l7bd56afacsckl75bydt6bsrtdgrtceh2bksxqf2vq",
                "virtual_circuit": "ocid1.drgroutetable.oc1.iad.aaaaaaaaerodbowthalte2h4ue3dvrrkn3jlz2tvhij65gqo3tasgta7hosq"
              }
            ],
            "default_export_drg_route_distribution_id": "ocid1.drgroutedistribution.oc1.iad.aaaaaaaasfej2mewvn7yxfy6gtpbssfup3ztj3u7p3p43vvuih2mq4naglga",
            "defined_tags": {
              "Oracle-Tags.CreatedBy": "default/bryanquadrado2@gmail.com",
              "Oracle-Tags.CreatedOn": "2023-08-11T17:37:08.369Z"
            },
            "display_name": "drg-oci-spo1",
            "freeform_tags": {},
            "id": "ocid1.drg.oc1.iad.aaaaaaaaw547kflaugb5wt4y6rmvvyuveab5xdczfbge5wrhtdaxpnaq3aoa",
            "redundancy_status": "NOT_AVAILABLE",
            "state": "AVAILABLE",
            "time_created": "2023-08-11 17:37:08.41 +0000 UTC",
            "timeouts": null
          },
          "sensitive_attributes": [],
          "private": "eyJlMmJmYjczMC1lY2FhLTExZTYtOGY4OC0zNDM2M2JjN2M0YzAiOnsiY3JlYXRlIjoxMjAwMDAwMDAwMDAwLCJkZWxldGUiOjEyMDAwMDAwMDAwMDAsInVwZGF0ZSI6MTIwMDAwMDAwMDAwMH19"
        }
      ]
    },
    {
      "module": "module.drg-oci-spo1",
      "mode": "managed",
      "type": "oci_core_drg_attachment",
      "name": "cs_drg_attachment",
      "provider": "provider[\"registry.terraform.io/hashicorp/oci\"]",
      "instances": [
        {
          "index_key": "att-vcn-oci-spo1i",
          "schema_version": 0,
          "attributes": {
            "compartment_id": "ocid1.tenancy.oc1..aaaaaaaarnqf3vhed7uvo2bgzhcvu3stm7azylxeacps653xpgk62jkkbvba",
            "defined_tags": {},
            "display_name": "att-vcn-oci-spo1i",
            "drg_id": "ocid1.drg.oc1.iad.aaaaaaaaw547kflaugb5wt4y6rmvvyuveab5xdczfbge5wrhtdaxpnaq3aoa",
            "drg_route_table_id": "ocid1.drgroutetable.oc1.iad.aaaaaaaathx42rp2s5l7bd56afacsckl75bydt6bsrtdgrtceh2bksxqf2vq",
            "export_drg_route_distribution_id": null,
            "freeform_tags": {},
            "id": "ocid1.drgattachment.oc1.iad.aaaaaaaah2d7x2xwhx5nffjtsplb4lg755alwfhxkjyzzgzdsi2plxholiuq",
            "is_cross_tenancy": false,
            "network_details": [
              {
                "id": "ocid1.vcn.oc1.iad.amaaaaaaclwpmsiaoifl3tipautez22seb74rgiwrgsyzoaqjdzbapnoprka",
                "ipsec_connection_id": "",
                "route_table_id": "",
                "type": "VCN",
                "vcn_route_type": "SUBNET_CIDRS"
              }
            ],
            "remove_export_drg_route_distribution_trigger": null,
            "route_table_id": null,
            "state": "ATTACHED",
            "time_created": "2023-08-11 17:37:27.053 +0000 UTC",
            "timeouts": null,
            "vcn_id": "ocid1.vcn.oc1.iad.amaaaaaaclwpmsiaoifl3tipautez22seb74rgiwrgsyzoaqjdzbapnoprka"
          },
          "sensitive_attributes": [],
          "private": "eyJlMmJmYjczMC1lY2FhLTExZTYtOGY4OC0zNDM2M2JjN2M0YzAiOnsiY3JlYXRlIjoxMjAwMDAwMDAwMDAwLCJkZWxldGUiOjEyMDAwMDAwMDAwMDAsInVwZGF0ZSI6MTIwMDAwMDAwMDAwMH19",
          "dependencies": [
            "module.drg-oci-spo1.oci_core_drg.cs_drg",
            "module.vcn-oci-spo1i.oci_core_vcn.cs_core_vcn",
            "module.vcn-oci-spo1p.oci_core_vcn.cs_core_vcn"
          ]
        },
        {
          "index_key": "att-vcn-oci-spo1p",
          "schema_version": 0,
          "attributes": {
            "compartment_id": "ocid1.tenancy.oc1..aaaaaaaarnqf3vhed7uvo2bgzhcvu3stm7azylxeacps653xpgk62jkkbvba",
            "defined_tags": {},
            "display_name": "att-vcn-oci-spo1p",
            "drg_id": "ocid1.drg.oc1.iad.aaaaaaaaw547kflaugb5wt4y6rmvvyuveab5xdczfbge5wrhtdaxpnaq3aoa",
            "drg_route_table_id": "ocid1.drgroutetable.oc1.iad.aaaaaaaathx42rp2s5l7bd56afacsckl75bydt6bsrtdgrtceh2bksxqf2vq",
            "export_drg_route_distribution_id": null,
            "freeform_tags": {},
            "id": "ocid1.drgattachment.oc1.iad.aaaaaaaaw7awdtwhej5mjbawgn3tcfhezjeqvyugwjrnm3yzy5tbyttfb62q",
            "is_cross_tenancy": false,
            "network_details": [
              {
                "id": "ocid1.vcn.oc1.iad.amaaaaaaclwpmsiamayqapkwkmsqrhh2uu6npssmqprl5qy7tufhba3lyvqq",
                "ipsec_connection_id": "",
                "route_table_id": "",
                "type": "VCN",
                "vcn_route_type": "SUBNET_CIDRS"
              }
            ],
            "remove_export_drg_route_distribution_trigger": null,
            "route_table_id": null,
            "state": "ATTACHED",
            "time_created": "2023-08-11 17:37:28.183 +0000 UTC",
            "timeouts": null,
            "vcn_id": "ocid1.vcn.oc1.iad.amaaaaaaclwpmsiamayqapkwkmsqrhh2uu6npssmqprl5qy7tufhba3lyvqq"
          },
          "sensitive_attributes": [],
          "private": "eyJlMmJmYjczMC1lY2FhLTExZTYtOGY4OC0zNDM2M2JjN2M0YzAiOnsiY3JlYXRlIjoxMjAwMDAwMDAwMDAwLCJkZWxldGUiOjEyMDAwMDAwMDAwMDAsInVwZGF0ZSI6MTIwMDAwMDAwMDAwMH19",
          "dependencies": [
            "module.drg-oci-spo1.oci_core_drg.cs_drg",
            "module.vcn-oci-spo1i.oci_core_vcn.cs_core_vcn",
            "module.vcn-oci-spo1p.oci_core_vcn.cs_core_vcn"
          ]
        }
      ]
    },
    {
      "module": "module.nsg-cachoeirinha",
      "mode": "managed",
      "type": "oci_core_network_security_group",
      "name": "nsg",
      "provider": "provider[\"registry.terraform.io/hashicorp/oci\"]",
      "instances": [
        {
          "schema_version": 0,
          "attributes": {
            "compartment_id": "ocid1.tenancy.oc1..aaaaaaaarnqf3vhed7uvo2bgzhcvu3stm7azylxeacps653xpgk62jkkbvba",
            "defined_tags": {
              "Oracle-Tags.CreatedBy": "default/bryanquadrado2@gmail.com",
              "Oracle-Tags.CreatedOn": "2023-08-11T17:37:11.928Z"
            },
            "display_name": "nsg-cachoeirinha",
            "freeform_tags": {},
            "id": "ocid1.networksecuritygroup.oc1.iad.aaaaaaaaboas5mbtg5w5xc6vbnsalvrrkdcuqpbb6wfs4juwtc3pt666ilza",
            "state": "AVAILABLE",
            "time_created": "2023-08-11 17:37:12.187 +0000 UTC",
            "timeouts": null,
            "vcn_id": "ocid1.vcn.oc1.iad.amaaaaaaclwpmsiamayqapkwkmsqrhh2uu6npssmqprl5qy7tufhba3lyvqq"
          },
          "sensitive_attributes": [],
          "private": "eyJlMmJmYjczMC1lY2FhLTExZTYtOGY4OC0zNDM2M2JjN2M0YzAiOnsiY3JlYXRlIjoxMjAwMDAwMDAwMDAwLCJkZWxldGUiOjEyMDAwMDAwMDAwMDAsInVwZGF0ZSI6MTIwMDAwMDAwMDAwMH19",
          "dependencies": [
            "module.vcn-oci-spo1p.oci_core_vcn.cs_core_vcn"
          ]
        }
      ]
    },
    {
      "module": "module.nsg-cachoeirinha",
      "mode": "managed",
      "type": "oci_core_network_security_group_security_rule",
      "name": "nsg_rule",
      "provider": "provider[\"registry.terraform.io/hashicorp/oci\"]",
      "instances": [
        {
          "index_key": "rule-0",
          "schema_version": 0,
          "attributes": {
            "description": "Default Egress Rule",
            "destination": "0.0.0.0/0",
            "destination_type": "CIDR_BLOCK",
            "direction": "EGRESS",
            "icmp_options": [],
            "id": "1676A7",
            "is_valid": true,
            "network_security_group_id": "ocid1.networksecuritygroup.oc1.iad.aaaaaaaaboas5mbtg5w5xc6vbnsalvrrkdcuqpbb6wfs4juwtc3pt666ilza",
            "protocol": "all",
            "source": null,
            "source_type": "",
            "stateless": false,
            "tcp_options": [],
            "time_created": "2023-08-11 17:37:13.202 +0000 UTC",
            "timeouts": null,
            "udp_options": []
          },
          "sensitive_attributes": [],
          "private": "eyJlMmJmYjczMC1lY2FhLTExZTYtOGY4OC0zNDM2M2JjN2M0YzAiOnsiY3JlYXRlIjoxMjAwMDAwMDAwMDAwLCJkZWxldGUiOjEyMDAwMDAwMDAwMDAsInVwZGF0ZSI6MTIwMDAwMDAwMDAwMH19",
          "dependencies": [
            "module.nsg-cachoeirinha.oci_core_network_security_group.nsg",
            "module.vcn-oci-spo1p.oci_core_vcn.cs_core_vcn"
          ]
        },
        {
          "index_key": "rule-1",
          "schema_version": 0,
          "attributes": {
            "description": "Ingress Teste Default",
            "destination": null,
            "destination_type": "",
            "direction": "INGRESS",
            "icmp_options": [],
            "id": "745298",
            "is_valid": true,
            "network_security_group_id": "ocid1.networksecuritygroup.oc1.iad.aaaaaaaaboas5mbtg5w5xc6vbnsalvrrkdcuqpbb6wfs4juwtc3pt666ilza",
            "protocol": "6",
            "source": "0.0.0.0/0",
            "source_type": "CIDR_BLOCK",
            "stateless": false,
            "tcp_options": [
              {
                "destination_port_range": [
                  {
                    "max": 443,
                    "min": 22
                  }
                ],
                "source_port_range": []
              }
            ],
            "time_created": "2023-08-11 17:37:13.078 +0000 UTC",
            "timeouts": null,
            "udp_options": []
          },
          "sensitive_attributes": [],
          "private": "eyJlMmJmYjczMC1lY2FhLTExZTYtOGY4OC0zNDM2M2JjN2M0YzAiOnsiY3JlYXRlIjoxMjAwMDAwMDAwMDAwLCJkZWxldGUiOjEyMDAwMDAwMDAwMDAsInVwZGF0ZSI6MTIwMDAwMDAwMDAwMH19",
          "dependencies": [
            "module.nsg-cachoeirinha.oci_core_network_security_group.nsg",
            "module.vcn-oci-spo1p.oci_core_vcn.cs_core_vcn"
          ]
        },
        {
          "index_key": "rule-2",
          "schema_version": 0,
          "attributes": {
            "description": "Ingress ICMP for VCN spo1i Default",
            "destination": null,
            "destination_type": "",
            "direction": "INGRESS",
            "icmp_options": [],
            "id": "4F5C80",
            "is_valid": true,
            "network_security_group_id": "ocid1.networksecuritygroup.oc1.iad.aaaaaaaaboas5mbtg5w5xc6vbnsalvrrkdcuqpbb6wfs4juwtc3pt666ilza",
            "protocol": "1",
            "source": "10.2.0.0/16",
            "source_type": "CIDR_BLOCK",
            "stateless": false,
            "tcp_options": [],
            "time_created": "2023-08-11 17:37:13.434 +0000 UTC",
            "timeouts": null,
            "udp_options": []
          },
          "sensitive_attributes": [],
          "private": "eyJlMmJmYjczMC1lY2FhLTExZTYtOGY4OC0zNDM2M2JjN2M0YzAiOnsiY3JlYXRlIjoxMjAwMDAwMDAwMDAwLCJkZWxldGUiOjEyMDAwMDAwMDAwMDAsInVwZGF0ZSI6MTIwMDAwMDAwMDAwMH19",
          "dependencies": [
            "module.nsg-cachoeirinha.oci_core_network_security_group.nsg",
            "module.vcn-oci-spo1p.oci_core_vcn.cs_core_vcn"
          ]
        }
      ]
    },
    {
      "module": "module.nsg-floripa",
      "mode": "managed",
      "type": "oci_core_network_security_group",
      "name": "nsg",
      "provider": "provider[\"registry.terraform.io/hashicorp/oci\"]",
      "instances": [
        {
          "schema_version": 0,
          "attributes": {
            "compartment_id": "ocid1.tenancy.oc1..aaaaaaaarnqf3vhed7uvo2bgzhcvu3stm7azylxeacps653xpgk62jkkbvba",
            "defined_tags": {
              "Oracle-Tags.CreatedBy": "default/bryanquadrado2@gmail.com",
              "Oracle-Tags.CreatedOn": "2023-08-11T17:37:11.649Z"
            },
            "display_name": "nsg-floripa",
            "freeform_tags": {},
            "id": "ocid1.networksecuritygroup.oc1.iad.aaaaaaaaisgii4s5b4y2fzxcerny4kjclkewvtgdogyls7fujrmabwnjx2ua",
            "state": "AVAILABLE",
            "time_created": "2023-08-11 17:37:11.813 +0000 UTC",
            "timeouts": null,
            "vcn_id": "ocid1.vcn.oc1.iad.amaaaaaaclwpmsiaoifl3tipautez22seb74rgiwrgsyzoaqjdzbapnoprka"
          },
          "sensitive_attributes": [],
          "private": "eyJlMmJmYjczMC1lY2FhLTExZTYtOGY4OC0zNDM2M2JjN2M0YzAiOnsiY3JlYXRlIjoxMjAwMDAwMDAwMDAwLCJkZWxldGUiOjEyMDAwMDAwMDAwMDAsInVwZGF0ZSI6MTIwMDAwMDAwMDAwMH19",
          "dependencies": [
            "module.vcn-oci-spo1i.oci_core_vcn.cs_core_vcn"
          ]
        }
      ]
    },
    {
      "module": "module.nsg-floripa",
      "mode": "managed",
      "type": "oci_core_network_security_group_security_rule",
      "name": "nsg_rule",
      "provider": "provider[\"registry.terraform.io/hashicorp/oci\"]",
      "instances": [
        {
          "index_key": "rule-0",
          "schema_version": 0,
          "attributes": {
            "description": "Default Egress Rule",
            "destination": "0.0.0.0/0",
            "destination_type": "CIDR_BLOCK",
            "direction": "EGRESS",
            "icmp_options": [],
            "id": "27B414",
            "is_valid": true,
            "network_security_group_id": "ocid1.networksecuritygroup.oc1.iad.aaaaaaaaisgii4s5b4y2fzxcerny4kjclkewvtgdogyls7fujrmabwnjx2ua",
            "protocol": "all",
            "source": null,
            "source_type": "",
            "stateless": false,
            "tcp_options": [],
            "time_created": "2023-08-11 17:37:12.72 +0000 UTC",
            "timeouts": null,
            "udp_options": []
          },
          "sensitive_attributes": [],
          "private": "eyJlMmJmYjczMC1lY2FhLTExZTYtOGY4OC0zNDM2M2JjN2M0YzAiOnsiY3JlYXRlIjoxMjAwMDAwMDAwMDAwLCJkZWxldGUiOjEyMDAwMDAwMDAwMDAsInVwZGF0ZSI6MTIwMDAwMDAwMDAwMH19",
          "dependencies": [
            "module.nsg-floripa.oci_core_network_security_group.nsg",
            "module.vcn-oci-spo1i.oci_core_vcn.cs_core_vcn"
          ]
        },
        {
          "index_key": "rule-1",
          "schema_version": 0,
          "attributes": {
            "description": "Ingress Teste Default",
            "destination": null,
            "destination_type": "",
            "direction": "INGRESS",
            "icmp_options": [],
            "id": "2600FB",
            "is_valid": true,
            "network_security_group_id": "ocid1.networksecuritygroup.oc1.iad.aaaaaaaaisgii4s5b4y2fzxcerny4kjclkewvtgdogyls7fujrmabwnjx2ua",
            "protocol": "6",
            "source": "0.0.0.0/0",
            "source_type": "CIDR_BLOCK",
            "stateless": false,
            "tcp_options": [
              {
                "destination_port_range": [
                  {
                    "max": 443,
                    "min": 22
                  }
                ],
                "source_port_range": []
              }
            ],
            "time_created": "2023-08-11 17:37:12.881 +0000 UTC",
            "timeouts": null,
            "udp_options": []
          },
          "sensitive_attributes": [],
          "private": "eyJlMmJmYjczMC1lY2FhLTExZTYtOGY4OC0zNDM2M2JjN2M0YzAiOnsiY3JlYXRlIjoxMjAwMDAwMDAwMDAwLCJkZWxldGUiOjEyMDAwMDAwMDAwMDAsInVwZGF0ZSI6MTIwMDAwMDAwMDAwMH19",
          "dependencies": [
            "module.nsg-floripa.oci_core_network_security_group.nsg",
            "module.vcn-oci-spo1i.oci_core_vcn.cs_core_vcn"
          ]
        },
        {
          "index_key": "rule-2",
          "schema_version": 0,
          "attributes": {
            "description": "Ingress ICMP for VCN spo1p Default",
            "destination": null,
            "destination_type": "",
            "direction": "INGRESS",
            "icmp_options": [],
            "id": "3A0582",
            "is_valid": true,
            "network_security_group_id": "ocid1.networksecuritygroup.oc1.iad.aaaaaaaaisgii4s5b4y2fzxcerny4kjclkewvtgdogyls7fujrmabwnjx2ua",
            "protocol": "1",
            "source": "10.1.0.0/16",
            "source_type": "CIDR_BLOCK",
            "stateless": false,
            "tcp_options": [],
            "time_created": "2023-08-11 17:37:12.61 +0000 UTC",
            "timeouts": null,
            "udp_options": []
          },
          "sensitive_attributes": [],
          "private": "eyJlMmJmYjczMC1lY2FhLTExZTYtOGY4OC0zNDM2M2JjN2M0YzAiOnsiY3JlYXRlIjoxMjAwMDAwMDAwMDAwLCJkZWxldGUiOjEyMDAwMDAwMDAwMDAsInVwZGF0ZSI6MTIwMDAwMDAwMDAwMH19",
          "dependencies": [
            "module.nsg-floripa.oci_core_network_security_group.nsg",
            "module.vcn-oci-spo1i.oci_core_vcn.cs_core_vcn"
          ]
        }
      ]
    },
    {
      "module": "module.oci_core_instance_cachoeirinha",
      "mode": "managed",
      "type": "oci_core_instance",
      "name": "instance",
      "provider": "provider[\"registry.terraform.io/hashicorp/oci\"]",
      "instances": [
        {
          "schema_version": 0,
          "attributes": {
            "agent_config": [
              {
                "are_all_plugins_disabled": false,
                "is_management_disabled": false,
                "is_monitoring_disabled": false,
                "plugins_config": []
              }
            ],
            "async": null,
            "availability_config": [
              {
                "is_live_migration_preferred": true,
                "recovery_action": "RESTORE_INSTANCE"
              }
            ],
            "availability_domain": "GtDF:US-ASHBURN-AD-1",
            "boot_volume_id": "ocid1.bootvolume.oc1.iad.abuwcljt6rbhy6564tnaqwja6hnbrcrg67xnroygxg62utpak73xke7b5s4a",
            "capacity_reservation_id": null,
            "compartment_id": "ocid1.tenancy.oc1..aaaaaaaarnqf3vhed7uvo2bgzhcvu3stm7azylxeacps653xpgk62jkkbvba",
            "compute_cluster_id": null,
            "create_vnic_details": [
              {
                "assign_private_dns_record": false,
                "assign_public_ip": "true",
                "defined_tags": {
                  "Oracle-Tags.CreatedBy": "default/bryanquadrado2@gmail.com",
                  "Oracle-Tags.CreatedOn": "2023-08-11T17:37:35.175Z"
                },
                "display_name": "cachoeirinha",
                "freeform_tags": {},
                "hostname_label": "cachoeirinha",
                "nsg_ids": [
                  "ocid1.networksecuritygroup.oc1.iad.aaaaaaaaboas5mbtg5w5xc6vbnsalvrrkdcuqpbb6wfs4juwtc3pt666ilza"
                ],
                "private_ip": "10.1.0.156",
                "skip_source_dest_check": false,
                "subnet_id": "ocid1.subnet.oc1.iad.aaaaaaaay6gx2zqwtmvuwk7wmgmk7pwcuyiolsj25za4qsmnpfdasctagstq",
                "vlan_id": ""
              }
            ],
            "dedicated_vm_host_id": null,
            "defined_tags": {
              "Oracle-Tags.CreatedBy": "default/bryanquadrado2@gmail.com",
              "Oracle-Tags.CreatedOn": "2023-08-11T17:37:35.026Z"
            },
            "display_name": "cachoeirinha",
            "extended_metadata": {},
            "fault_domain": "FAULT-DOMAIN-1",
            "freeform_tags": {},
            "hostname_label": "cachoeirinha",
            "id": "ocid1.instance.oc1.iad.anuwcljtclwpmsick2axwsprvqszzqxssu2qqmv6lokamqltstdzcxsoqd2q",
            "image": "ocid1.image.oc1.iad.aaaaaaaalw7mfv2zza67zvyxwz23tiz5pfeq3no7ejyou5e42eiggb7b4bpq",
            "instance_configuration_id": null,
            "instance_options": [
              {
                "are_legacy_imds_endpoints_disabled": false
              }
            ],
            "ipxe_script": null,
            "is_cross_numa_node": false,
            "is_pv_encryption_in_transit_enabled": true,
            "launch_mode": "PARAVIRTUALIZED",
            "launch_options": [
              {
                "boot_volume_type": "PARAVIRTUALIZED",
                "firmware": "UEFI_64",
                "is_consistent_volume_naming_enabled": true,
                "is_pv_encryption_in_transit_enabled": true,
                "network_type": "PARAVIRTUALIZED",
                "remote_data_volume_type": "PARAVIRTUALIZED"
              }
            ],
            "metadata": {
              "ssh_authorized_keys": "ssh-rsa AAAAB3NzaC1yc2EAAAADAQABAAACAQDVX0l2LbUbf5DKlhEEUmdNL5O3nEE4U9PsmBxNopwvug0539bhzZbpAmZXaudxPpj356UewBoCPVWBT3mrZ+5pWmYdU8d7cx12lKgy0a/YVoc9CgK8LUGJyDccooRRZGezX+Aa4wInail25jtblIW4noHX4RKexlleGpv5l3dhbYByMHmi/b7sfuTonTihpIgvS2cyjOoXUcNqPyLru+FeHcenKbwae38ALQi+jtQbZdQtle0RfxAtf2wYR6o332tLMoQXTqqiKoFXrygGclD6wrS7wzQ9F/LAdNkzNiXLpsvdKupfNmC33cpVXvqhoCuqDExwoRORYYVmwY9EArMP9XqCXAQvuc00zIzSKEyqbQNDiZGm0AS6GQcAlncTXk2pIbL3eH1SAQT8tZUQRHXW7hlm7wwFJ9XU+H7fMsFw115vaijtbdk1yvICcZ1D/4CfaHV5g5fPgds4ELO1FqbMrPGLSWeKoS6hDQz1s3cnazVib7y3Bae7QlJLW1e5lqdeTAPCZWr93p0KOeQpUFFCF1fayxuNPTgp/WN4lzL3DnBvxyy8u919s8DsAuoD2Vgvt3dmwh5Abdc1h4/mWsb1ZmqXXQD06SbJ7UNxbjccfaAefG+h/CA6tpfAw/BXkV4u0eggz7HfXbSPL+IUtR97rxFleSOy37s+mFWGfjCINQ== bryan.quadrado@crearesistemas.com.br\n",
              "user_data": "IyEvYmluL2Jhc2gKc2xlZXAgMW0KCnN1ZG8gZG5mIGluc3RhbGwgaHR0cGQgLXkKCnN1ZG8gc3lzdGVtY3RsIGVuYWJsZSBodHRwZAoKc3VkbyBzeXN0ZW1jdGwgcmVzdGFydCBodHRwZAoKc3VkbyBmaXJld2FsbC1jbWQgLS1hZGQtc2VydmljZT1odHRwIC0tcGVybWFuZW50CgpzdWRvIGZpcmV3YWxsLWNtZCAtLWFkZC1zZXJ2aWNlPWh0dHBzIC0tcGVybWFuZW50CgpzdWRvIGZpcmV3YWxsLWNtZCAtLXJlbG9hZAoKZWNobyAnPGgxIHN0eWxlPSJmb250LXNpemU6IDQ4cHg7Ij4nJChob3N0bmFtZSknPC9oMT4nIHwgc3VkbyB0ZWUgLWEgL3Vzci9zaGFyZS9odHRwZC9ub2luZGV4L2luZGV4Lmh0bWwKCgo="
            },
            "platform_config": [],
            "preemptible_instance_config": [],
            "preserve_boot_volume": false,
            "private_ip": "10.1.0.156",
            "public_ip": "129.213.78.153",
            "region": "iad",
            "shape": "VM.Standard.A1.Flex",
            "shape_config": [
              {
                "baseline_ocpu_utilization": "BASELINE_1_1",
                "gpu_description": "",
                "gpus": 0,
                "local_disk_description": "",
                "local_disks": 0,
                "local_disks_total_size_in_gbs": 0,
                "max_vnic_attachments": 2,
                "memory_in_gbs": 4,
                "networking_bandwidth_in_gbps": 2,
                "nvmes": 0,
                "ocpus": 2,
                "processor_description": "3.0 GHz Ampere® Altra™",
                "vcpus": 2
              }
            ],
            "source_details": [
              {
                "boot_volume_size_in_gbs": "50",
                "boot_volume_vpus_per_gb": "10",
                "instance_source_image_filter_details": [],
                "kms_key_id": "",
                "source_id": "ocid1.image.oc1.iad.aaaaaaaalw7mfv2zza67zvyxwz23tiz5pfeq3no7ejyou5e42eiggb7b4bpq",
                "source_type": "image"
              }
            ],
            "state": "RUNNING",
            "subnet_id": "ocid1.subnet.oc1.iad.aaaaaaaay6gx2zqwtmvuwk7wmgmk7pwcuyiolsj25za4qsmnpfdasctagstq",
            "system_tags": {},
            "time_created": "2023-08-11 17:37:35.706 +0000 UTC",
            "time_maintenance_reboot_due": "",
            "timeouts": null,
            "update_operation_constraint": null
          },
          "sensitive_attributes": [],
          "private": "eyJlMmJmYjczMC1lY2FhLTExZTYtOGY4OC0zNDM2M2JjN2M0YzAiOnsiY3JlYXRlIjoyNzAwMDAwMDAwMDAwLCJkZWxldGUiOjQ1MDAwMDAwMDAwMDAsInVwZGF0ZSI6MjcwMDAwMDAwMDAwMH19",
          "dependencies": [
            "data.oci_core_images.oraclelinux_arm_images",
            "module.drg-oci-spo1.oci_core_drg.cs_drg",
            "module.nsg-cachoeirinha.oci_core_network_security_group.nsg",
            "module.vcn-oci-spo1p.data.oci_core_services.all_services",
            "module.vcn-oci-spo1p.oci_core_internet_gateway.cs_internet_gateway",
            "module.vcn-oci-spo1p.oci_core_nat_gateway.cs_nat_gateway",
            "module.vcn-oci-spo1p.oci_core_route_table.cs_route_table",
            "module.vcn-oci-spo1p.oci_core_service_gateway.cs_service_gateway",
            "module.vcn-oci-spo1p.oci_core_subnet.cs_subnet",
            "module.vcn-oci-spo1p.oci_core_vcn.cs_core_vcn"
          ]
        }
      ]
    },
    {
      "module": "module.oci_core_instance_cachoeirinha",
      "mode": "managed",
      "type": "oci_core_volume",
      "name": "volume",
      "provider": "provider[\"registry.terraform.io/hashicorp/oci\"]",
      "instances": [
        {
          "index_key": 0,
          "schema_version": 0,
          "attributes": {
            "auto_tuned_vpus_per_gb": null,
            "autotune_policies": [],
            "availability_domain": "GtDF:US-ASHBURN-AD-1",
            "backup_policy_id": null,
            "block_volume_replicas": [],
            "block_volume_replicas_deletion": null,
            "compartment_id": "ocid1.tenancy.oc1..aaaaaaaarnqf3vhed7uvo2bgzhcvu3stm7azylxeacps653xpgk62jkkbvba",
            "defined_tags": {
              "Oracle-Tags.CreatedBy": "default/bryanquadrado2@gmail.com",
              "Oracle-Tags.CreatedOn": "2023-08-11T17:37:08.877Z"
            },
            "display_name": "bv-cachoeirinha-docker-containers",
            "freeform_tags": {},
            "id": "ocid1.volume.oc1.iad.abuwcljtjjlo5uyph4vf34evn6ddcwrnhcnjlpsrdfx4gxijgnrv2acyb4wq",
            "is_auto_tune_enabled": false,
            "is_hydrated": true,
            "kms_key_id": null,
            "size_in_gbs": "50",
            "size_in_mbs": "51200",
            "source_details": [],
            "state": "AVAILABLE",
            "system_tags": {
              "orcl-cloud.free-tier-retained": "true"
            },
            "time_created": "2023-08-11 17:37:08.909 +0000 UTC",
            "timeouts": null,
            "volume_backup_id": null,
            "volume_group_id": null,
            "vpus_per_gb": "10"
          },
          "sensitive_attributes": [],
          "private": "eyJlMmJmYjczMC1lY2FhLTExZTYtOGY4OC0zNDM2M2JjN2M0YzAiOnsiY3JlYXRlIjoxMjAwMDAwMDAwMDAwLCJkZWxldGUiOjEyMDAwMDAwMDAwMDAsInVwZGF0ZSI6MTIwMDAwMDAwMDAwMH19",
          "dependencies": [
            "data.oci_core_images.oraclelinux_arm_images"
          ]
        },
        {
          "index_key": 1,
          "schema_version": 0,
          "attributes": {
            "auto_tuned_vpus_per_gb": null,
            "autotune_policies": [],
            "availability_domain": "GtDF:US-ASHBURN-AD-1",
            "backup_policy_id": null,
            "block_volume_replicas": [],
            "block_volume_replicas_deletion": null,
            "compartment_id": "ocid1.tenancy.oc1..aaaaaaaarnqf3vhed7uvo2bgzhcvu3stm7azylxeacps653xpgk62jkkbvba",
            "defined_tags": {
              "Oracle-Tags.CreatedBy": "default/bryanquadrado2@gmail.com",
              "Oracle-Tags.CreatedOn": "2023-08-11T17:37:08.395Z"
            },
            "display_name": "bv-cachoeirinha-var-lib",
            "freeform_tags": {},
            "id": "ocid1.volume.oc1.iad.abuwcljtoaa4jtkx3dzftbm3oo2sr3rjno4rfreav2krkdvptqahb2cg5qpq",
            "is_auto_tune_enabled": false,
            "is_hydrated": true,
            "kms_key_id": null,
            "size_in_gbs": "50",
            "size_in_mbs": "51200",
            "source_details": [],
            "state": "AVAILABLE",
            "system_tags": {
              "orcl-cloud.free-tier-retained": "true"
            },
            "time_created": "2023-08-11 17:37:08.416 +0000 UTC",
            "timeouts": null,
            "volume_backup_id": null,
            "volume_group_id": null,
            "vpus_per_gb": "10"
          },
          "sensitive_attributes": [],
          "private": "eyJlMmJmYjczMC1lY2FhLTExZTYtOGY4OC0zNDM2M2JjN2M0YzAiOnsiY3JlYXRlIjoxMjAwMDAwMDAwMDAwLCJkZWxldGUiOjEyMDAwMDAwMDAwMDAsInVwZGF0ZSI6MTIwMDAwMDAwMDAwMH19",
          "dependencies": [
            "data.oci_core_images.oraclelinux_arm_images"
          ]
        }
      ]
    },
    {
      "module": "module.oci_core_instance_cachoeirinha",
      "mode": "managed",
      "type": "oci_core_volume_attachment",
      "name": "volume_attachment",
      "provider": "provider[\"registry.terraform.io/hashicorp/oci\"]",
      "instances": [
        {
          "index_key": 0,
          "schema_version": 0,
          "attributes": {
            "attachment_type": "paravirtualized",
            "availability_domain": "GtDF:US-ASHBURN-AD-1",
            "chap_secret": null,
            "chap_username": null,
            "compartment_id": "ocid1.tenancy.oc1..aaaaaaaarnqf3vhed7uvo2bgzhcvu3stm7azylxeacps653xpgk62jkkbvba",
            "device": "/dev/oracleoci/oraclevdb",
            "display_name": "volumeattachment20230811173834",
            "encryption_in_transit_type": null,
            "id": "ocid1.volumeattachment.oc1.iad.anuwcljtclwpmsic5lo2dncnuflr4k4lp34hao5zrx65felhegzdzk6kqgkq",
            "instance_id": "ocid1.instance.oc1.iad.anuwcljtclwpmsick2axwsprvqszzqxssu2qqmv6lokamqltstdzcxsoqd2q",
            "ipv4": null,
            "iqn": null,
            "is_agent_auto_iscsi_login_enabled": null,
            "is_multipath": null,
            "is_pv_encryption_in_transit_enabled": true,
            "is_read_only": false,
            "is_shareable": false,
            "iscsi_login_state": "",
            "multipath_devices": [],
            "port": null,
            "state": "ATTACHED",
            "time_created": "2023-08-11 17:38:34.587 +0000 UTC",
            "timeouts": null,
            "use_chap": null,
            "volume_id": "ocid1.volume.oc1.iad.abuwcljtjjlo5uyph4vf34evn6ddcwrnhcnjlpsrdfx4gxijgnrv2acyb4wq"
          },
          "sensitive_attributes": [],
          "private": "eyJlMmJmYjczMC1lY2FhLTExZTYtOGY4OC0zNDM2M2JjN2M0YzAiOnsiY3JlYXRlIjoxMjAwMDAwMDAwMDAwLCJkZWxldGUiOjEyMDAwMDAwMDAwMDAsInVwZGF0ZSI6MTIwMDAwMDAwMDAwMH19",
          "dependencies": [
            "data.oci_core_images.oraclelinux_arm_images",
            "module.drg-oci-spo1.oci_core_drg.cs_drg",
            "module.nsg-cachoeirinha.oci_core_network_security_group.nsg",
            "module.oci_core_instance_cachoeirinha.oci_core_instance.instance",
            "module.oci_core_instance_cachoeirinha.oci_core_volume.volume",
            "module.vcn-oci-spo1p.data.oci_core_services.all_services",
            "module.vcn-oci-spo1p.oci_core_internet_gateway.cs_internet_gateway",
            "module.vcn-oci-spo1p.oci_core_nat_gateway.cs_nat_gateway",
            "module.vcn-oci-spo1p.oci_core_route_table.cs_route_table",
            "module.vcn-oci-spo1p.oci_core_service_gateway.cs_service_gateway",
            "module.vcn-oci-spo1p.oci_core_subnet.cs_subnet",
            "module.vcn-oci-spo1p.oci_core_vcn.cs_core_vcn"
          ]
        },
        {
          "index_key": 1,
          "schema_version": 0,
          "attributes": {
            "attachment_type": "paravirtualized",
            "availability_domain": "GtDF:US-ASHBURN-AD-1",
            "chap_secret": null,
            "chap_username": null,
            "compartment_id": "ocid1.tenancy.oc1..aaaaaaaarnqf3vhed7uvo2bgzhcvu3stm7azylxeacps653xpgk62jkkbvba",
            "device": "/dev/oracleoci/oraclevdc",
            "display_name": "volumeattachment20230811173834",
            "encryption_in_transit_type": null,
            "id": "ocid1.volumeattachment.oc1.iad.anuwcljtclwpmsiclo6bdfxcr6liaxqkud5gex2tw3zu7qupnobpluhn4oyq",
            "instance_id": "ocid1.instance.oc1.iad.anuwcljtclwpmsick2axwsprvqszzqxssu2qqmv6lokamqltstdzcxsoqd2q",
            "ipv4": null,
            "iqn": null,
            "is_agent_auto_iscsi_login_enabled": null,
            "is_multipath": null,
            "is_pv_encryption_in_transit_enabled": true,
            "is_read_only": false,
            "is_shareable": false,
            "iscsi_login_state": "",
            "multipath_devices": [],
            "port": null,
            "state": "ATTACHED",
            "time_created": "2023-08-11 17:38:35.349 +0000 UTC",
            "timeouts": null,
            "use_chap": null,
            "volume_id": "ocid1.volume.oc1.iad.abuwcljtoaa4jtkx3dzftbm3oo2sr3rjno4rfreav2krkdvptqahb2cg5qpq"
          },
          "sensitive_attributes": [],
          "private": "eyJlMmJmYjczMC1lY2FhLTExZTYtOGY4OC0zNDM2M2JjN2M0YzAiOnsiY3JlYXRlIjoxMjAwMDAwMDAwMDAwLCJkZWxldGUiOjEyMDAwMDAwMDAwMDAsInVwZGF0ZSI6MTIwMDAwMDAwMDAwMH19",
          "dependencies": [
            "data.oci_core_images.oraclelinux_arm_images",
            "module.drg-oci-spo1.oci_core_drg.cs_drg",
            "module.nsg-cachoeirinha.oci_core_network_security_group.nsg",
            "module.oci_core_instance_cachoeirinha.oci_core_instance.instance",
            "module.oci_core_instance_cachoeirinha.oci_core_volume.volume",
            "module.vcn-oci-spo1p.data.oci_core_services.all_services",
            "module.vcn-oci-spo1p.oci_core_internet_gateway.cs_internet_gateway",
            "module.vcn-oci-spo1p.oci_core_nat_gateway.cs_nat_gateway",
            "module.vcn-oci-spo1p.oci_core_route_table.cs_route_table",
            "module.vcn-oci-spo1p.oci_core_service_gateway.cs_service_gateway",
            "module.vcn-oci-spo1p.oci_core_subnet.cs_subnet",
            "module.vcn-oci-spo1p.oci_core_vcn.cs_core_vcn"
          ]
        }
      ]
    },
    {
      "module": "module.oci_core_instance_floripa",
      "mode": "managed",
      "type": "oci_core_instance",
      "name": "instance",
      "provider": "provider[\"registry.terraform.io/hashicorp/oci\"]",
      "instances": [
        {
          "schema_version": 0,
          "attributes": {
            "agent_config": [
              {
                "are_all_plugins_disabled": false,
                "is_management_disabled": false,
                "is_monitoring_disabled": false,
                "plugins_config": []
              }
            ],
            "async": null,
            "availability_config": [
              {
                "is_live_migration_preferred": true,
                "recovery_action": "RESTORE_INSTANCE"
              }
            ],
            "availability_domain": "GtDF:US-ASHBURN-AD-1",
            "boot_volume_id": "ocid1.bootvolume.oc1.iad.abuwcljtm36wihjloyvukkroitrtvedxieokfeo4pijjy5zjkfqdyk74ltya",
            "capacity_reservation_id": null,
            "compartment_id": "ocid1.tenancy.oc1..aaaaaaaarnqf3vhed7uvo2bgzhcvu3stm7azylxeacps653xpgk62jkkbvba",
            "compute_cluster_id": null,
            "create_vnic_details": [
              {
                "assign_private_dns_record": false,
                "assign_public_ip": "true",
                "defined_tags": {
                  "Oracle-Tags.CreatedBy": "default/bryanquadrado2@gmail.com",
                  "Oracle-Tags.CreatedOn": "2023-08-11T17:37:36.442Z"
                },
                "display_name": "floripa",
                "freeform_tags": {},
                "hostname_label": "floripa",
                "nsg_ids": [
                  "ocid1.networksecuritygroup.oc1.iad.aaaaaaaaisgii4s5b4y2fzxcerny4kjclkewvtgdogyls7fujrmabwnjx2ua"
                ],
                "private_ip": "10.2.0.155",
                "skip_source_dest_check": false,
                "subnet_id": "ocid1.subnet.oc1.iad.aaaaaaaa4e42535kvsl7pe27y5r7qn4mxmqfcgyg256da6ekpg53eaih57ma",
                "vlan_id": ""
              }
            ],
            "dedicated_vm_host_id": null,
            "defined_tags": {
              "Oracle-Tags.CreatedBy": "default/bryanquadrado2@gmail.com",
              "Oracle-Tags.CreatedOn": "2023-08-11T17:37:36.283Z"
            },
            "display_name": "floripa",
            "extended_metadata": {},
            "fault_domain": "FAULT-DOMAIN-1",
            "freeform_tags": {},
            "hostname_label": "floripa",
            "id": "ocid1.instance.oc1.iad.anuwcljtclwpmsicyirsq3hk23ediqnelycnuq55yh7qilx6ypnm5z6cw6aq",
            "image": "ocid1.image.oc1.iad.aaaaaaaalw7mfv2zza67zvyxwz23tiz5pfeq3no7ejyou5e42eiggb7b4bpq",
            "instance_configuration_id": null,
            "instance_options": [
              {
                "are_legacy_imds_endpoints_disabled": false
              }
            ],
            "ipxe_script": null,
            "is_cross_numa_node": false,
            "is_pv_encryption_in_transit_enabled": true,
            "launch_mode": "PARAVIRTUALIZED",
            "launch_options": [
              {
                "boot_volume_type": "PARAVIRTUALIZED",
                "firmware": "UEFI_64",
                "is_consistent_volume_naming_enabled": true,
                "is_pv_encryption_in_transit_enabled": true,
                "network_type": "PARAVIRTUALIZED",
                "remote_data_volume_type": "PARAVIRTUALIZED"
              }
            ],
            "metadata": {
              "ssh_authorized_keys": "ssh-rsa AAAAB3NzaC1yc2EAAAADAQABAAACAQDVX0l2LbUbf5DKlhEEUmdNL5O3nEE4U9PsmBxNopwvug0539bhzZbpAmZXaudxPpj356UewBoCPVWBT3mrZ+5pWmYdU8d7cx12lKgy0a/YVoc9CgK8LUGJyDccooRRZGezX+Aa4wInail25jtblIW4noHX4RKexlleGpv5l3dhbYByMHmi/b7sfuTonTihpIgvS2cyjOoXUcNqPyLru+FeHcenKbwae38ALQi+jtQbZdQtle0RfxAtf2wYR6o332tLMoQXTqqiKoFXrygGclD6wrS7wzQ9F/LAdNkzNiXLpsvdKupfNmC33cpVXvqhoCuqDExwoRORYYVmwY9EArMP9XqCXAQvuc00zIzSKEyqbQNDiZGm0AS6GQcAlncTXk2pIbL3eH1SAQT8tZUQRHXW7hlm7wwFJ9XU+H7fMsFw115vaijtbdk1yvICcZ1D/4CfaHV5g5fPgds4ELO1FqbMrPGLSWeKoS6hDQz1s3cnazVib7y3Bae7QlJLW1e5lqdeTAPCZWr93p0KOeQpUFFCF1fayxuNPTgp/WN4lzL3DnBvxyy8u919s8DsAuoD2Vgvt3dmwh5Abdc1h4/mWsb1ZmqXXQD06SbJ7UNxbjccfaAefG+h/CA6tpfAw/BXkV4u0eggz7HfXbSPL+IUtR97rxFleSOy37s+mFWGfjCINQ== bryan.quadrado@crearesistemas.com.br\n",
              "user_data": "IyEvYmluL2Jhc2gKc2xlZXAgMW0KCnN1ZG8gZG5mIGluc3RhbGwgaHR0cGQgLXkKCnN1ZG8gc3lzdGVtY3RsIGVuYWJsZSBodHRwZAoKc3VkbyBzeXN0ZW1jdGwgcmVzdGFydCBodHRwZAoKc3VkbyBmaXJld2FsbC1jbWQgLS1hZGQtc2VydmljZT1odHRwIC0tcGVybWFuZW50CgpzdWRvIGZpcmV3YWxsLWNtZCAtLWFkZC1zZXJ2aWNlPWh0dHBzIC0tcGVybWFuZW50CgpzdWRvIGZpcmV3YWxsLWNtZCAtLXJlbG9hZAoKZWNobyAnPGgxIHN0eWxlPSJmb250LXNpemU6IDQ4cHg7Ij4nJChob3N0bmFtZSknPC9oMT4nIHwgc3VkbyB0ZWUgLWEgL3Vzci9zaGFyZS9odHRwZC9ub2luZGV4L2luZGV4Lmh0bWwKCgo="
            },
            "platform_config": [],
            "preemptible_instance_config": [],
            "preserve_boot_volume": false,
            "private_ip": "10.2.0.155",
            "public_ip": "129.153.138.93",
            "region": "iad",
            "shape": "VM.Standard.A1.Flex",
            "shape_config": [
              {
                "baseline_ocpu_utilization": "BASELINE_1_1",
                "gpu_description": "",
                "gpus": 0,
                "local_disk_description": "",
                "local_disks": 0,
                "local_disks_total_size_in_gbs": 0,
                "max_vnic_attachments": 2,
                "memory_in_gbs": 4,
                "networking_bandwidth_in_gbps": 2,
                "nvmes": 0,
                "ocpus": 2,
                "processor_description": "3.0 GHz Ampere® Altra™",
                "vcpus": 2
              }
            ],
            "source_details": [
              {
                "boot_volume_size_in_gbs": "50",
                "boot_volume_vpus_per_gb": "10",
                "instance_source_image_filter_details": [],
                "kms_key_id": "",
                "source_id": "ocid1.image.oc1.iad.aaaaaaaalw7mfv2zza67zvyxwz23tiz5pfeq3no7ejyou5e42eiggb7b4bpq",
                "source_type": "image"
              }
            ],
            "state": "RUNNING",
            "subnet_id": "ocid1.subnet.oc1.iad.aaaaaaaa4e42535kvsl7pe27y5r7qn4mxmqfcgyg256da6ekpg53eaih57ma",
            "system_tags": {},
            "time_created": "2023-08-11 17:37:37.029 +0000 UTC",
            "time_maintenance_reboot_due": "",
            "timeouts": null,
            "update_operation_constraint": null
          },
          "sensitive_attributes": [],
          "private": "eyJlMmJmYjczMC1lY2FhLTExZTYtOGY4OC0zNDM2M2JjN2M0YzAiOnsiY3JlYXRlIjoyNzAwMDAwMDAwMDAwLCJkZWxldGUiOjQ1MDAwMDAwMDAwMDAsInVwZGF0ZSI6MjcwMDAwMDAwMDAwMH19",
          "dependencies": [
            "data.oci_core_images.oraclelinux_arm_images",
            "module.drg-oci-spo1.oci_core_drg.cs_drg",
            "module.nsg-floripa.oci_core_network_security_group.nsg",
            "module.vcn-oci-spo1i.data.oci_core_services.all_services",
            "module.vcn-oci-spo1i.oci_core_internet_gateway.cs_internet_gateway",
            "module.vcn-oci-spo1i.oci_core_route_table.cs_route_table",
            "module.vcn-oci-spo1i.oci_core_service_gateway.cs_service_gateway",
            "module.vcn-oci-spo1i.oci_core_subnet.cs_subnet",
            "module.vcn-oci-spo1i.oci_core_vcn.cs_core_vcn"
          ]
        }
      ]
    },
    {
      "module": "module.vcn-oci-spo1i",
      "mode": "data",
      "type": "oci_core_services",
      "name": "all_services",
      "provider": "provider[\"registry.terraform.io/hashicorp/oci\"]",
      "instances": [
        {
          "schema_version": 0,
          "attributes": {
            "filter": null,
            "id": "CoreServicesDataSource-0",
            "services": [
              {
                "cidr_block": "oci-iad-objectstorage",
                "description": "OCI IAD Object Storage",
                "id": "ocid1.service.oc1.iad.aaaaaaaa74z6sqsezqf6znyomdp5jkvfwb4j2ol33abgosvnhxcqphyl3eaq",
                "name": "OCI IAD Object Storage"
              },
              {
                "cidr_block": "all-iad-services-in-oracle-services-network",
                "description": "All IAD Services In Oracle Services Network",
                "id": "ocid1.service.oc1.iad.aaaaaaaam4zfmy2rjue6fmglumm3czgisxzrnvrwqeodtztg7hwa272mlfna",
                "name": "All IAD Services In Oracle Services Network"
              }
            ]
          },
          "sensitive_attributes": []
        }
      ]
    },
    {
      "module": "module.vcn-oci-spo1i",
      "mode": "managed",
      "type": "oci_core_default_dhcp_options",
      "name": "default-dhcp-options",
      "provider": "provider[\"registry.terraform.io/hashicorp/oci\"]",
      "instances": [
        {
          "schema_version": 0,
          "attributes": {
            "compartment_id": "ocid1.tenancy.oc1..aaaaaaaarnqf3vhed7uvo2bgzhcvu3stm7azylxeacps653xpgk62jkkbvba",
            "defined_tags": {
              "Oracle-Tags.CreatedBy": "default/bryanquadrado2@gmail.com",
              "Oracle-Tags.CreatedOn": "2023-08-11T17:37:08.267Z"
            },
            "display_name": "dhcp-df-vcn-oci-spo1i",
            "domain_name_type": "CUSTOM_DOMAIN",
            "freeform_tags": {},
            "id": "ocid1.dhcpoptions.oc1.iad.aaaaaaaazyiyrs3j5gbdaone72uz4u2l5qn6bbsxri4qc4xkj6ogi2i3jiwa",
            "manage_default_resource_id": "ocid1.dhcpoptions.oc1.iad.aaaaaaaazyiyrs3j5gbdaone72uz4u2l5qn6bbsxri4qc4xkj6ogi2i3jiwa",
            "options": [
              {
                "custom_dns_servers": [],
                "search_domain_names": [
                  "spo1int.oraclevcn.com"
                ],
                "server_type": "",
                "type": "SearchDomain"
              },
              {
                "custom_dns_servers": [],
                "search_domain_names": [],
                "server_type": "VcnLocalPlusInternet",
                "type": "DomainNameServer"
              }
            ],
            "state": "AVAILABLE",
            "time_created": "2023-08-11 17:37:08.643 +0000 UTC",
            "timeouts": null
          },
          "sensitive_attributes": [],
          "private": "eyJlMmJmYjczMC1lY2FhLTExZTYtOGY4OC0zNDM2M2JjN2M0YzAiOnsiY3JlYXRlIjoxMjAwMDAwMDAwMDAwLCJkZWxldGUiOjEyMDAwMDAwMDAwMDAsInVwZGF0ZSI6MTIwMDAwMDAwMDAwMH19",
          "dependencies": [
            "module.vcn-oci-spo1i.oci_core_vcn.cs_core_vcn"
          ]
        }
      ]
    },
    {
      "module": "module.vcn-oci-spo1i",
      "mode": "managed",
      "type": "oci_core_default_security_list",
      "name": "default_security_list",
      "provider": "provider[\"registry.terraform.io/hashicorp/oci\"]",
      "instances": [
        {
          "schema_version": 0,
          "attributes": {
            "compartment_id": "ocid1.tenancy.oc1..aaaaaaaarnqf3vhed7uvo2bgzhcvu3stm7azylxeacps653xpgk62jkkbvba",
            "defined_tags": {
              "Oracle-Tags.CreatedBy": "default/bryanquadrado2@gmail.com",
              "Oracle-Tags.CreatedOn": "2023-08-11T17:37:08.267Z"
            },
            "display_name": "sl-df-vcn-oci-spo1i",
            "egress_security_rules": [
              {
                "description": "",
                "destination": "0.0.0.0/0",
                "destination_type": "CIDR_BLOCK",
                "icmp_options": [],
                "protocol": "all",
                "stateless": false,
                "tcp_options": [],
                "udp_options": []
              }
            ],
            "freeform_tags": {},
            "id": "ocid1.securitylist.oc1.iad.aaaaaaaaopxf6ol3wsohom3hv3s3yrmtpm7z6km2bcytfyucneze3hdmsbwq",
            "ingress_security_rules": [
              {
                "description": "Allow all tcp",
                "icmp_options": [],
                "protocol": "6",
                "source": "1.0.0.0/32",
                "source_type": "CIDR_BLOCK",
                "stateless": false,
                "tcp_options": [
                  {
                    "max": 2,
                    "min": 1,
                    "source_port_range": []
                  }
                ],
                "udp_options": []
              }
            ],
            "manage_default_resource_id": "ocid1.securitylist.oc1.iad.aaaaaaaaopxf6ol3wsohom3hv3s3yrmtpm7z6km2bcytfyucneze3hdmsbwq",
            "state": "AVAILABLE",
            "time_created": "2023-08-11 17:37:08.383 +0000 UTC",
            "timeouts": null
          },
          "sensitive_attributes": [],
          "private": "eyJlMmJmYjczMC1lY2FhLTExZTYtOGY4OC0zNDM2M2JjN2M0YzAiOnsiY3JlYXRlIjoxMjAwMDAwMDAwMDAwLCJkZWxldGUiOjEyMDAwMDAwMDAwMDAsInVwZGF0ZSI6MTIwMDAwMDAwMDAwMH19",
          "dependencies": [
            "module.vcn-oci-spo1i.oci_core_vcn.cs_core_vcn"
          ]
        }
      ]
    },
    {
      "module": "module.vcn-oci-spo1i",
      "mode": "managed",
      "type": "oci_core_internet_gateway",
      "name": "cs_internet_gateway",
      "provider": "provider[\"registry.terraform.io/hashicorp/oci\"]",
      "instances": [
        {
          "schema_version": 0,
          "attributes": {
            "compartment_id": "ocid1.tenancy.oc1..aaaaaaaarnqf3vhed7uvo2bgzhcvu3stm7azylxeacps653xpgk62jkkbvba",
            "defined_tags": {
              "Oracle-Tags.CreatedBy": "default/bryanquadrado2@gmail.com",
              "Oracle-Tags.CreatedOn": "2023-08-11T17:37:10.150Z"
            },
            "display_name": "ig-oci-spo1i",
            "enabled": true,
            "freeform_tags": {},
            "id": "ocid1.internetgateway.oc1.iad.aaaaaaaaavhoz3bzvy5cuywfaoj3izwqeubgaorfbcd2uukjyqtlpala2ecq",
            "route_table_id": null,
            "state": "AVAILABLE",
            "time_created": "2023-08-11 17:37:10.192 +0000 UTC",
            "timeouts": null,
            "vcn_id": "ocid1.vcn.oc1.iad.amaaaaaaclwpmsiaoifl3tipautez22seb74rgiwrgsyzoaqjdzbapnoprka"
          },
          "sensitive_attributes": [],
          "private": "eyJlMmJmYjczMC1lY2FhLTExZTYtOGY4OC0zNDM2M2JjN2M0YzAiOnsiY3JlYXRlIjoxMjAwMDAwMDAwMDAwLCJkZWxldGUiOjEyMDAwMDAwMDAwMDAsInVwZGF0ZSI6MTIwMDAwMDAwMDAwMH19",
          "dependencies": [
            "module.vcn-oci-spo1i.oci_core_vcn.cs_core_vcn"
          ]
        }
      ]
    },
    {
      "module": "module.vcn-oci-spo1i",
      "mode": "managed",
      "type": "oci_core_nat_gateway",
      "name": "cs_nat_gateway",
      "provider": "provider[\"registry.terraform.io/hashicorp/oci\"]",
      "instances": [
        {
          "schema_version": 0,
          "attributes": {
            "block_traffic": false,
            "compartment_id": "ocid1.tenancy.oc1..aaaaaaaarnqf3vhed7uvo2bgzhcvu3stm7azylxeacps653xpgk62jkkbvba",
            "defined_tags": {
              "Oracle-Tags.CreatedBy": "default/bryanquadrado2@gmail.com",
              "Oracle-Tags.CreatedOn": "2023-08-11T17:37:09.916Z"
            },
            "display_name": "ng-oci-spo1i",
            "freeform_tags": {},
            "id": "ocid1.natgateway.oc1.iad.aaaaaaaahbtcfavjhhs3s4tjavot6256k52uvnwrjg7hq2edtniltdhlcgyq",
            "nat_ip": "152.70.198.57",
            "public_ip_id": "ocid1.publicip.oc1.iad.aaaaaaaatyt42xra4hgsesw6kds46j4orxm4zau366g2odityrbque7xxgva",
            "route_table_id": null,
            "state": "AVAILABLE",
            "time_created": "2023-08-11 17:37:10.382 +0000 UTC",
            "timeouts": null,
            "vcn_id": "ocid1.vcn.oc1.iad.amaaaaaaclwpmsiaoifl3tipautez22seb74rgiwrgsyzoaqjdzbapnoprka"
          },
          "sensitive_attributes": [],
          "private": "eyJlMmJmYjczMC1lY2FhLTExZTYtOGY4OC0zNDM2M2JjN2M0YzAiOnsiY3JlYXRlIjoxMjAwMDAwMDAwMDAwLCJkZWxldGUiOjEyMDAwMDAwMDAwMDAsInVwZGF0ZSI6MTIwMDAwMDAwMDAwMH19",
          "dependencies": [
            "module.vcn-oci-spo1i.oci_core_vcn.cs_core_vcn"
          ]
        }
      ]
    },
    {
      "module": "module.vcn-oci-spo1i",
      "mode": "managed",
      "type": "oci_core_route_table",
      "name": "cs_route_table",
      "provider": "provider[\"registry.terraform.io/hashicorp/oci\"]",
      "instances": [
        {
          "index_key": "rt-sn-oci-spo1i0",
          "schema_version": 0,
          "attributes": {
            "compartment_id": "ocid1.tenancy.oc1..aaaaaaaarnqf3vhed7uvo2bgzhcvu3stm7azylxeacps653xpgk62jkkbvba",
            "defined_tags": {
              "Oracle-Tags.CreatedBy": "default/bryanquadrado2@gmail.com",
              "Oracle-Tags.CreatedOn": "2023-08-11T17:37:27.365Z"
            },
            "display_name": "rt-sn-oci-spo1i0",
            "freeform_tags": {},
            "id": "ocid1.routetable.oc1.iad.aaaaaaaauoydtvs54fk5ks43ox7pyh22aofogvraihfv3t7ir5tu2wgdglbq",
            "route_rules": [
              {
                "cidr_block": "",
                "description": "Default Rule for IGW",
                "destination": "0.0.0.0/0",
                "destination_type": "CIDR_BLOCK",
                "network_entity_id": "ocid1.internetgateway.oc1.iad.aaaaaaaaavhoz3bzvy5cuywfaoj3izwqeubgaorfbcd2uukjyqtlpala2ecq",
                "route_type": ""
              },
              {
                "cidr_block": "",
                "description": "Example rule with dest VCN P to DRG",
                "destination": "10.1.0.0/16",
                "destination_type": "CIDR_BLOCK",
                "network_entity_id": "ocid1.drg.oc1.iad.aaaaaaaaw547kflaugb5wt4y6rmvvyuveab5xdczfbge5wrhtdaxpnaq3aoa",
                "route_type": ""
              }
            ],
            "state": "AVAILABLE",
            "time_created": "2023-08-11 17:37:27.423 +0000 UTC",
            "timeouts": null,
            "vcn_id": "ocid1.vcn.oc1.iad.amaaaaaaclwpmsiaoifl3tipautez22seb74rgiwrgsyzoaqjdzbapnoprka"
          },
          "sensitive_attributes": [],
          "private": "eyJlMmJmYjczMC1lY2FhLTExZTYtOGY4OC0zNDM2M2JjN2M0YzAiOnsiY3JlYXRlIjoxMjAwMDAwMDAwMDAwLCJkZWxldGUiOjEyMDAwMDAwMDAwMDAsInVwZGF0ZSI6MTIwMDAwMDAwMDAwMH19",
          "dependencies": [
            "module.drg-oci-spo1.oci_core_drg.cs_drg",
            "module.vcn-oci-spo1i.data.oci_core_services.all_services",
            "module.vcn-oci-spo1i.oci_core_internet_gateway.cs_internet_gateway",
            "module.vcn-oci-spo1i.oci_core_service_gateway.cs_service_gateway",
            "module.vcn-oci-spo1i.oci_core_vcn.cs_core_vcn"
          ]
        },
        {
          "index_key": "rt-sn-oci-spo1i1",
          "schema_version": 0,
          "attributes": {
            "compartment_id": "ocid1.tenancy.oc1..aaaaaaaarnqf3vhed7uvo2bgzhcvu3stm7azylxeacps653xpgk62jkkbvba",
            "defined_tags": {
              "Oracle-Tags.CreatedBy": "default/bryanquadrado2@gmail.com",
              "Oracle-Tags.CreatedOn": "2023-08-11T17:37:27.399Z"
            },
            "display_name": "rt-sn-oci-spo1i1",
            "freeform_tags": {},
            "id": "ocid1.routetable.oc1.iad.aaaaaaaa52hc4ec3hjylq3spuk32c7u7zcv3kywdu7aoepmqn5hil6csf4qa",
            "route_rules": [
              {
                "cidr_block": "",
                "description": "Default Rule for SGW",
                "destination": "all-iad-services-in-oracle-services-network",
                "destination_type": "SERVICE_CIDR_BLOCK",
                "network_entity_id": "ocid1.servicegateway.oc1.iad.aaaaaaaafwfnskqzcp562pk32dn2wyu4tf7ggx767vvmxgaetyvzh4z7eoyq",
                "route_type": ""
              },
              {
                "cidr_block": "",
                "description": "Example rule with dest VCN P to DRG",
                "destination": "10.1.0.0/16",
                "destination_type": "CIDR_BLOCK",
                "network_entity_id": "ocid1.drg.oc1.iad.aaaaaaaaw547kflaugb5wt4y6rmvvyuveab5xdczfbge5wrhtdaxpnaq3aoa",
                "route_type": ""
              }
            ],
            "state": "AVAILABLE",
            "time_created": "2023-08-11 17:37:27.436 +0000 UTC",
            "timeouts": null,
            "vcn_id": "ocid1.vcn.oc1.iad.amaaaaaaclwpmsiaoifl3tipautez22seb74rgiwrgsyzoaqjdzbapnoprka"
          },
          "sensitive_attributes": [],
          "private": "eyJlMmJmYjczMC1lY2FhLTExZTYtOGY4OC0zNDM2M2JjN2M0YzAiOnsiY3JlYXRlIjoxMjAwMDAwMDAwMDAwLCJkZWxldGUiOjEyMDAwMDAwMDAwMDAsInVwZGF0ZSI6MTIwMDAwMDAwMDAwMH19",
          "dependencies": [
            "module.drg-oci-spo1.oci_core_drg.cs_drg",
            "module.vcn-oci-spo1i.data.oci_core_services.all_services",
            "module.vcn-oci-spo1i.oci_core_internet_gateway.cs_internet_gateway",
            "module.vcn-oci-spo1i.oci_core_service_gateway.cs_service_gateway",
            "module.vcn-oci-spo1i.oci_core_vcn.cs_core_vcn"
          ]
        },
        {
          "index_key": "rt-sn-oci-spo1i2",
          "schema_version": 0,
          "attributes": {
            "compartment_id": "ocid1.tenancy.oc1..aaaaaaaarnqf3vhed7uvo2bgzhcvu3stm7azylxeacps653xpgk62jkkbvba",
            "defined_tags": {
              "Oracle-Tags.CreatedBy": "default/bryanquadrado2@gmail.com",
              "Oracle-Tags.CreatedOn": "2023-08-11T17:37:27.421Z"
            },
            "display_name": "rt-sn-oci-spo1i2",
            "freeform_tags": {},
            "id": "ocid1.routetable.oc1.iad.aaaaaaaak4o6rucns634j35augzo577jkvrp3uq4enhamqlqmnmtrzhi63bq",
            "route_rules": [
              {
                "cidr_block": "",
                "description": "Default Rule for SGW",
                "destination": "all-iad-services-in-oracle-services-network",
                "destination_type": "SERVICE_CIDR_BLOCK",
                "network_entity_id": "ocid1.servicegateway.oc1.iad.aaaaaaaafwfnskqzcp562pk32dn2wyu4tf7ggx767vvmxgaetyvzh4z7eoyq",
                "route_type": ""
              },
              {
                "cidr_block": "",
                "description": "Example rule with dest VCN P to DRG",
                "destination": "10.1.0.0/16",
                "destination_type": "CIDR_BLOCK",
                "network_entity_id": "ocid1.drg.oc1.iad.aaaaaaaaw547kflaugb5wt4y6rmvvyuveab5xdczfbge5wrhtdaxpnaq3aoa",
                "route_type": ""
              }
            ],
            "state": "AVAILABLE",
            "time_created": "2023-08-11 17:37:27.465 +0000 UTC",
            "timeouts": null,
            "vcn_id": "ocid1.vcn.oc1.iad.amaaaaaaclwpmsiaoifl3tipautez22seb74rgiwrgsyzoaqjdzbapnoprka"
          },
          "sensitive_attributes": [],
          "private": "eyJlMmJmYjczMC1lY2FhLTExZTYtOGY4OC0zNDM2M2JjN2M0YzAiOnsiY3JlYXRlIjoxMjAwMDAwMDAwMDAwLCJkZWxldGUiOjEyMDAwMDAwMDAwMDAsInVwZGF0ZSI6MTIwMDAwMDAwMDAwMH19",
          "dependencies": [
            "module.drg-oci-spo1.oci_core_drg.cs_drg",
            "module.vcn-oci-spo1i.data.oci_core_services.all_services",
            "module.vcn-oci-spo1i.oci_core_internet_gateway.cs_internet_gateway",
            "module.vcn-oci-spo1i.oci_core_service_gateway.cs_service_gateway",
            "module.vcn-oci-spo1i.oci_core_vcn.cs_core_vcn"
          ]
        }
      ]
    },
    {
      "module": "module.vcn-oci-spo1i",
      "mode": "managed",
      "type": "oci_core_service_gateway",
      "name": "cs_service_gateway",
      "provider": "provider[\"registry.terraform.io/hashicorp/oci\"]",
      "instances": [
        {
          "index_key": 0,
          "schema_version": 0,
          "attributes": {
            "block_traffic": false,
            "compartment_id": "ocid1.tenancy.oc1..aaaaaaaarnqf3vhed7uvo2bgzhcvu3stm7azylxeacps653xpgk62jkkbvba",
            "defined_tags": {
              "Oracle-Tags.CreatedBy": "default/bryanquadrado2@gmail.com",
              "Oracle-Tags.CreatedOn": "2023-08-11T17:37:10.118Z"
            },
            "display_name": "sg-oci-spo1i",
            "freeform_tags": {},
            "id": "ocid1.servicegateway.oc1.iad.aaaaaaaafwfnskqzcp562pk32dn2wyu4tf7ggx767vvmxgaetyvzh4z7eoyq",
            "route_table_id": null,
            "services": [
              {
                "service_id": "ocid1.service.oc1.iad.aaaaaaaam4zfmy2rjue6fmglumm3czgisxzrnvrwqeodtztg7hwa272mlfna",
                "service_name": "All IAD Services In Oracle Services Network"
              }
            ],
            "state": "AVAILABLE",
            "time_created": "2023-08-11 17:37:10.97 +0000 UTC",
            "timeouts": null,
            "vcn_id": "ocid1.vcn.oc1.iad.amaaaaaaclwpmsiaoifl3tipautez22seb74rgiwrgsyzoaqjdzbapnoprka"
          },
          "sensitive_attributes": [],
          "private": "eyJlMmJmYjczMC1lY2FhLTExZTYtOGY4OC0zNDM2M2JjN2M0YzAiOnsiY3JlYXRlIjoxMjAwMDAwMDAwMDAwLCJkZWxldGUiOjEyMDAwMDAwMDAwMDAsInVwZGF0ZSI6MTIwMDAwMDAwMDAwMH19",
          "dependencies": [
            "module.vcn-oci-spo1i.data.oci_core_services.all_services",
            "module.vcn-oci-spo1i.oci_core_vcn.cs_core_vcn"
          ]
        }
      ]
    },
    {
      "module": "module.vcn-oci-spo1i",
      "mode": "managed",
      "type": "oci_core_subnet",
      "name": "cs_subnet",
      "provider": "provider[\"registry.terraform.io/hashicorp/oci\"]",
      "instances": [
        {
          "index_key": "sn-oci-spo1i0",
          "schema_version": 0,
          "attributes": {
            "availability_domain": null,
            "cidr_block": "10.2.0.0/24",
            "compartment_id": "ocid1.tenancy.oc1..aaaaaaaarnqf3vhed7uvo2bgzhcvu3stm7azylxeacps653xpgk62jkkbvba",
            "defined_tags": {
              "Oracle-Tags.CreatedBy": "default/bryanquadrado2@gmail.com",
              "Oracle-Tags.CreatedOn": "2023-08-11T17:37:28.466Z"
            },
            "dhcp_options_id": "ocid1.dhcpoptions.oc1.iad.aaaaaaaazyiyrs3j5gbdaone72uz4u2l5qn6bbsxri4qc4xkj6ogi2i3jiwa",
            "display_name": "sn-oci-spo1i0",
            "dns_label": "snocispo1i0",
            "freeform_tags": {},
            "id": "ocid1.subnet.oc1.iad.aaaaaaaa4e42535kvsl7pe27y5r7qn4mxmqfcgyg256da6ekpg53eaih57ma",
            "ipv6cidr_block": null,
            "ipv6cidr_blocks": [],
            "ipv6virtual_router_ip": null,
            "prohibit_internet_ingress": false,
            "prohibit_public_ip_on_vnic": false,
            "route_table_id": "ocid1.routetable.oc1.iad.aaaaaaaauoydtvs54fk5ks43ox7pyh22aofogvraihfv3t7ir5tu2wgdglbq",
            "security_list_ids": [
              "ocid1.securitylist.oc1.iad.aaaaaaaaopxf6ol3wsohom3hv3s3yrmtpm7z6km2bcytfyucneze3hdmsbwq"
            ],
            "state": "AVAILABLE",
            "subnet_domain_name": "snocispo1i0.spo1int.oraclevcn.com",
            "time_created": "2023-08-11 17:37:28.977 +0000 UTC",
            "timeouts": null,
            "vcn_id": "ocid1.vcn.oc1.iad.amaaaaaaclwpmsiaoifl3tipautez22seb74rgiwrgsyzoaqjdzbapnoprka",
            "virtual_router_ip": "10.2.0.1",
            "virtual_router_mac": "00:00:17:2D:DD:70"
          },
          "sensitive_attributes": [],
          "private": "eyJlMmJmYjczMC1lY2FhLTExZTYtOGY4OC0zNDM2M2JjN2M0YzAiOnsiY3JlYXRlIjoxMjAwMDAwMDAwMDAwLCJkZWxldGUiOjEyMDAwMDAwMDAwMDAsInVwZGF0ZSI6MTIwMDAwMDAwMDAwMH19",
          "dependencies": [
            "module.drg-oci-spo1.oci_core_drg.cs_drg",
            "module.vcn-oci-spo1i.data.oci_core_services.all_services",
            "module.vcn-oci-spo1i.oci_core_internet_gateway.cs_internet_gateway",
            "module.vcn-oci-spo1i.oci_core_route_table.cs_route_table",
            "module.vcn-oci-spo1i.oci_core_service_gateway.cs_service_gateway",
            "module.vcn-oci-spo1i.oci_core_vcn.cs_core_vcn"
          ]
        },
        {
          "index_key": "sn-oci-spo1i1",
          "schema_version": 0,
          "attributes": {
            "availability_domain": null,
            "cidr_block": "10.2.1.0/24",
            "compartment_id": "ocid1.tenancy.oc1..aaaaaaaarnqf3vhed7uvo2bgzhcvu3stm7azylxeacps653xpgk62jkkbvba",
            "defined_tags": {
              "Oracle-Tags.CreatedBy": "default/bryanquadrado2@gmail.com",
              "Oracle-Tags.CreatedOn": "2023-08-11T17:37:28.572Z"
            },
            "dhcp_options_id": "ocid1.dhcpoptions.oc1.iad.aaaaaaaazyiyrs3j5gbdaone72uz4u2l5qn6bbsxri4qc4xkj6ogi2i3jiwa",
            "display_name": "sn-oci-spo1i1",
            "dns_label": "snocispo1i1",
            "freeform_tags": {},
            "id": "ocid1.subnet.oc1.iad.aaaaaaaaq7xibwjtvspmtdq5era57gud4ucvc5dw4kpzgo6dr36bwuoj3xsq",
            "ipv6cidr_block": null,
            "ipv6cidr_blocks": [],
            "ipv6virtual_router_ip": null,
            "prohibit_internet_ingress": true,
            "prohibit_public_ip_on_vnic": true,
            "route_table_id": "ocid1.routetable.oc1.iad.aaaaaaaa52hc4ec3hjylq3spuk32c7u7zcv3kywdu7aoepmqn5hil6csf4qa",
            "security_list_ids": [
              "ocid1.securitylist.oc1.iad.aaaaaaaaopxf6ol3wsohom3hv3s3yrmtpm7z6km2bcytfyucneze3hdmsbwq"
            ],
            "state": "AVAILABLE",
            "subnet_domain_name": "snocispo1i1.spo1int.oraclevcn.com",
            "time_created": "2023-08-11 17:37:30.326 +0000 UTC",
            "timeouts": null,
            "vcn_id": "ocid1.vcn.oc1.iad.amaaaaaaclwpmsiaoifl3tipautez22seb74rgiwrgsyzoaqjdzbapnoprka",
            "virtual_router_ip": "10.2.1.1",
            "virtual_router_mac": "00:00:17:2D:DD:70"
          },
          "sensitive_attributes": [],
          "private": "eyJlMmJmYjczMC1lY2FhLTExZTYtOGY4OC0zNDM2M2JjN2M0YzAiOnsiY3JlYXRlIjoxMjAwMDAwMDAwMDAwLCJkZWxldGUiOjEyMDAwMDAwMDAwMDAsInVwZGF0ZSI6MTIwMDAwMDAwMDAwMH19",
          "dependencies": [
            "module.drg-oci-spo1.oci_core_drg.cs_drg",
            "module.vcn-oci-spo1i.data.oci_core_services.all_services",
            "module.vcn-oci-spo1i.oci_core_internet_gateway.cs_internet_gateway",
            "module.vcn-oci-spo1i.oci_core_route_table.cs_route_table",
            "module.vcn-oci-spo1i.oci_core_service_gateway.cs_service_gateway",
            "module.vcn-oci-spo1i.oci_core_vcn.cs_core_vcn"
          ]
        },
        {
          "index_key": "sn-oci-spo1i2",
          "schema_version": 0,
          "attributes": {
            "availability_domain": null,
            "cidr_block": "10.2.2.0/24",
            "compartment_id": "ocid1.tenancy.oc1..aaaaaaaarnqf3vhed7uvo2bgzhcvu3stm7azylxeacps653xpgk62jkkbvba",
            "defined_tags": {
              "Oracle-Tags.CreatedBy": "default/bryanquadrado2@gmail.com",
              "Oracle-Tags.CreatedOn": "2023-08-11T17:37:28.478Z"
            },
            "dhcp_options_id": "ocid1.dhcpoptions.oc1.iad.aaaaaaaazyiyrs3j5gbdaone72uz4u2l5qn6bbsxri4qc4xkj6ogi2i3jiwa",
            "display_name": "sn-oci-spo1i2",
            "dns_label": "snocispo1i2",
            "freeform_tags": {},
            "id": "ocid1.subnet.oc1.iad.aaaaaaaaqj7cnz64kqx6aufxn62a7sruyxamvs2unenlaqaw4vfcfn4l64aa",
            "ipv6cidr_block": null,
            "ipv6cidr_blocks": [],
            "ipv6virtual_router_ip": null,
            "prohibit_internet_ingress": true,
            "prohibit_public_ip_on_vnic": true,
            "route_table_id": "ocid1.routetable.oc1.iad.aaaaaaaak4o6rucns634j35augzo577jkvrp3uq4enhamqlqmnmtrzhi63bq",
            "security_list_ids": [
              "ocid1.securitylist.oc1.iad.aaaaaaaaopxf6ol3wsohom3hv3s3yrmtpm7z6km2bcytfyucneze3hdmsbwq"
            ],
            "state": "AVAILABLE",
            "subnet_domain_name": "snocispo1i2.spo1int.oraclevcn.com",
            "time_created": "2023-08-11 17:37:28.559 +0000 UTC",
            "timeouts": null,
            "vcn_id": "ocid1.vcn.oc1.iad.amaaaaaaclwpmsiaoifl3tipautez22seb74rgiwrgsyzoaqjdzbapnoprka",
            "virtual_router_ip": "10.2.2.1",
            "virtual_router_mac": "00:00:17:2D:DD:70"
          },
          "sensitive_attributes": [],
          "private": "eyJlMmJmYjczMC1lY2FhLTExZTYtOGY4OC0zNDM2M2JjN2M0YzAiOnsiY3JlYXRlIjoxMjAwMDAwMDAwMDAwLCJkZWxldGUiOjEyMDAwMDAwMDAwMDAsInVwZGF0ZSI6MTIwMDAwMDAwMDAwMH19",
          "dependencies": [
            "module.drg-oci-spo1.oci_core_drg.cs_drg",
            "module.vcn-oci-spo1i.data.oci_core_services.all_services",
            "module.vcn-oci-spo1i.oci_core_internet_gateway.cs_internet_gateway",
            "module.vcn-oci-spo1i.oci_core_route_table.cs_route_table",
            "module.vcn-oci-spo1i.oci_core_service_gateway.cs_service_gateway",
            "module.vcn-oci-spo1i.oci_core_vcn.cs_core_vcn"
          ]
        }
      ]
    },
    {
      "module": "module.vcn-oci-spo1i",
      "mode": "managed",
      "type": "oci_core_vcn",
      "name": "cs_core_vcn",
      "provider": "provider[\"registry.terraform.io/hashicorp/oci\"]",
      "instances": [
        {
          "schema_version": 0,
          "attributes": {
            "byoipv6cidr_blocks": [],
            "byoipv6cidr_details": null,
            "cidr_block": "10.2.0.0/16",
            "cidr_blocks": [
              "10.2.0.0/16"
            ],
            "compartment_id": "ocid1.tenancy.oc1..aaaaaaaarnqf3vhed7uvo2bgzhcvu3stm7azylxeacps653xpgk62jkkbvba",
            "default_dhcp_options_id": "ocid1.dhcpoptions.oc1.iad.aaaaaaaazyiyrs3j5gbdaone72uz4u2l5qn6bbsxri4qc4xkj6ogi2i3jiwa",
            "default_route_table_id": "ocid1.routetable.oc1.iad.aaaaaaaazvyxppjhmuvhykhlyulp6v3u5oydscjh32kelhqnbinkkxh6h7da",
            "default_security_list_id": "ocid1.securitylist.oc1.iad.aaaaaaaaopxf6ol3wsohom3hv3s3yrmtpm7z6km2bcytfyucneze3hdmsbwq",
            "defined_tags": {
              "Oracle-Tags.CreatedBy": "default/bryanquadrado2@gmail.com",
              "Oracle-Tags.CreatedOn": "2023-08-11T17:37:08.267Z"
            },
            "display_name": "vcn-oci-spo1i",
            "dns_label": "spo1int",
            "freeform_tags": {},
            "id": "ocid1.vcn.oc1.iad.amaaaaaaclwpmsiaoifl3tipautez22seb74rgiwrgsyzoaqjdzbapnoprka",
            "ipv6cidr_blocks": [],
            "ipv6private_cidr_blocks": [],
            "is_ipv6enabled": false,
            "is_oracle_gua_allocation_enabled": null,
            "state": "AVAILABLE",
            "time_created": "2023-08-11 17:37:08.383 +0000 UTC",
            "timeouts": null,
            "vcn_domain_name": "spo1int.oraclevcn.com"
          },
          "sensitive_attributes": [],
          "private": "eyJlMmJmYjczMC1lY2FhLTExZTYtOGY4OC0zNDM2M2JjN2M0YzAiOnsiY3JlYXRlIjoxMjAwMDAwMDAwMDAwLCJkZWxldGUiOjEyMDAwMDAwMDAwMDAsInVwZGF0ZSI6MTIwMDAwMDAwMDAwMH19"
        }
      ]
    },
    {
      "module": "module.vcn-oci-spo1p",
      "mode": "data",
      "type": "oci_core_services",
      "name": "all_services",
      "provider": "provider[\"registry.terraform.io/hashicorp/oci\"]",
      "instances": [
        {
          "schema_version": 0,
          "attributes": {
            "filter": null,
            "id": "CoreServicesDataSource-0",
            "services": [
              {
                "cidr_block": "oci-iad-objectstorage",
                "description": "OCI IAD Object Storage",
                "id": "ocid1.service.oc1.iad.aaaaaaaa74z6sqsezqf6znyomdp5jkvfwb4j2ol33abgosvnhxcqphyl3eaq",
                "name": "OCI IAD Object Storage"
              },
              {
                "cidr_block": "all-iad-services-in-oracle-services-network",
                "description": "All IAD Services In Oracle Services Network",
                "id": "ocid1.service.oc1.iad.aaaaaaaam4zfmy2rjue6fmglumm3czgisxzrnvrwqeodtztg7hwa272mlfna",
                "name": "All IAD Services In Oracle Services Network"
              }
            ]
          },
          "sensitive_attributes": []
        }
      ]
    },
    {
      "module": "module.vcn-oci-spo1p",
      "mode": "managed",
      "type": "oci_core_default_dhcp_options",
      "name": "default-dhcp-options",
      "provider": "provider[\"registry.terraform.io/hashicorp/oci\"]",
      "instances": [
        {
          "schema_version": 0,
          "attributes": {
            "compartment_id": "ocid1.tenancy.oc1..aaaaaaaarnqf3vhed7uvo2bgzhcvu3stm7azylxeacps653xpgk62jkkbvba",
            "defined_tags": {
              "Oracle-Tags.CreatedBy": "default/bryanquadrado2@gmail.com",
              "Oracle-Tags.CreatedOn": "2023-08-11T17:37:08.267Z"
            },
            "display_name": "dhcp-df-vcn-oci-spo1p",
            "domain_name_type": "CUSTOM_DOMAIN",
            "freeform_tags": {},
            "id": "ocid1.dhcpoptions.oc1.iad.aaaaaaaaylctzpzpdgniebg6hciuqgi5heqqlp3a5lvkds5lqssxf7fvmsga",
            "manage_default_resource_id": "ocid1.dhcpoptions.oc1.iad.aaaaaaaaylctzpzpdgniebg6hciuqgi5heqqlp3a5lvkds5lqssxf7fvmsga",
            "options": [
              {
                "custom_dns_servers": [],
                "search_domain_names": [
                  "spo1prd.oraclevcn.com"
                ],
                "server_type": "",
                "type": "SearchDomain"
              },
              {
                "custom_dns_servers": [],
                "search_domain_names": [],
                "server_type": "VcnLocalPlusInternet",
                "type": "DomainNameServer"
              }
            ],
            "state": "AVAILABLE",
            "time_created": "2023-08-11 17:37:08.618 +0000 UTC",
            "timeouts": null
          },
          "sensitive_attributes": [],
          "private": "eyJlMmJmYjczMC1lY2FhLTExZTYtOGY4OC0zNDM2M2JjN2M0YzAiOnsiY3JlYXRlIjoxMjAwMDAwMDAwMDAwLCJkZWxldGUiOjEyMDAwMDAwMDAwMDAsInVwZGF0ZSI6MTIwMDAwMDAwMDAwMH19",
          "dependencies": [
            "module.vcn-oci-spo1p.oci_core_vcn.cs_core_vcn"
          ]
        }
      ]
    },
    {
      "module": "module.vcn-oci-spo1p",
      "mode": "managed",
      "type": "oci_core_default_security_list",
      "name": "default_security_list",
      "provider": "provider[\"registry.terraform.io/hashicorp/oci\"]",
      "instances": [
        {
          "schema_version": 0,
          "attributes": {
            "compartment_id": "ocid1.tenancy.oc1..aaaaaaaarnqf3vhed7uvo2bgzhcvu3stm7azylxeacps653xpgk62jkkbvba",
            "defined_tags": {
              "Oracle-Tags.CreatedBy": "default/bryanquadrado2@gmail.com",
              "Oracle-Tags.CreatedOn": "2023-08-11T17:37:08.267Z"
            },
            "display_name": "sl-df-vcn-oci-spo1p",
            "egress_security_rules": [
              {
                "description": "",
                "destination": "0.0.0.0/0",
                "destination_type": "CIDR_BLOCK",
                "icmp_options": [],
                "protocol": "all",
                "stateless": false,
                "tcp_options": [],
                "udp_options": []
              }
            ],
            "freeform_tags": {},
            "id": "ocid1.securitylist.oc1.iad.aaaaaaaapag36wrnub6jat7h2ms3fycbtdgqperuo67s4i63egpzsuwxpdyq",
            "ingress_security_rules": [
              {
                "description": "Allow all tcp",
                "icmp_options": [],
                "protocol": "6",
                "source": "1.0.0.0/32",
                "source_type": "CIDR_BLOCK",
                "stateless": false,
                "tcp_options": [
                  {
                    "max": 2,
                    "min": 1,
                    "source_port_range": []
                  }
                ],
                "udp_options": []
              }
            ],
            "manage_default_resource_id": "ocid1.securitylist.oc1.iad.aaaaaaaapag36wrnub6jat7h2ms3fycbtdgqperuo67s4i63egpzsuwxpdyq",
            "state": "AVAILABLE",
            "time_created": "2023-08-11 17:37:08.373 +0000 UTC",
            "timeouts": null
          },
          "sensitive_attributes": [],
          "private": "eyJlMmJmYjczMC1lY2FhLTExZTYtOGY4OC0zNDM2M2JjN2M0YzAiOnsiY3JlYXRlIjoxMjAwMDAwMDAwMDAwLCJkZWxldGUiOjEyMDAwMDAwMDAwMDAsInVwZGF0ZSI6MTIwMDAwMDAwMDAwMH19",
          "dependencies": [
            "module.vcn-oci-spo1p.oci_core_vcn.cs_core_vcn"
          ]
        }
      ]
    },
    {
      "module": "module.vcn-oci-spo1p",
      "mode": "managed",
      "type": "oci_core_internet_gateway",
      "name": "cs_internet_gateway",
      "provider": "provider[\"registry.terraform.io/hashicorp/oci\"]",
      "instances": [
        {
          "schema_version": 0,
          "attributes": {
            "compartment_id": "ocid1.tenancy.oc1..aaaaaaaarnqf3vhed7uvo2bgzhcvu3stm7azylxeacps653xpgk62jkkbvba",
            "defined_tags": {
              "Oracle-Tags.CreatedBy": "default/bryanquadrado2@gmail.com",
              "Oracle-Tags.CreatedOn": "2023-08-11T17:37:10.964Z"
            },
            "display_name": "ig-oci-spo1p",
            "enabled": true,
            "freeform_tags": {},
            "id": "ocid1.internetgateway.oc1.iad.aaaaaaaayitmszn65wdofmi4n53s56bqx75lshrjmdfk6l3bq4aq5phsomhq",
            "route_table_id": null,
            "state": "AVAILABLE",
            "time_created": "2023-08-11 17:37:11.007 +0000 UTC",
            "timeouts": null,
            "vcn_id": "ocid1.vcn.oc1.iad.amaaaaaaclwpmsiamayqapkwkmsqrhh2uu6npssmqprl5qy7tufhba3lyvqq"
          },
          "sensitive_attributes": [],
          "private": "eyJlMmJmYjczMC1lY2FhLTExZTYtOGY4OC0zNDM2M2JjN2M0YzAiOnsiY3JlYXRlIjoxMjAwMDAwMDAwMDAwLCJkZWxldGUiOjEyMDAwMDAwMDAwMDAsInVwZGF0ZSI6MTIwMDAwMDAwMDAwMH19",
          "dependencies": [
            "module.vcn-oci-spo1p.oci_core_vcn.cs_core_vcn"
          ]
        }
      ]
    },
    {
      "module": "module.vcn-oci-spo1p",
      "mode": "managed",
      "type": "oci_core_nat_gateway",
      "name": "cs_nat_gateway",
      "provider": "provider[\"registry.terraform.io/hashicorp/oci\"]",
      "instances": [
        {
          "schema_version": 0,
          "attributes": {
            "block_traffic": false,
            "compartment_id": "ocid1.tenancy.oc1..aaaaaaaarnqf3vhed7uvo2bgzhcvu3stm7azylxeacps653xpgk62jkkbvba",
            "defined_tags": {
              "Oracle-Tags.CreatedBy": "default/bryanquadrado2@gmail.com",
              "Oracle-Tags.CreatedOn": "2023-08-11T17:37:09.561Z"
            },
            "display_name": "ng-oci-spo1p",
            "freeform_tags": {},
            "id": "ocid1.natgateway.oc1.iad.aaaaaaaakejamw4ro4f664gqptkyvrs6axmgvetm4k7og6g5vhu4lwktwena",
            "nat_ip": "141.148.35.56",
            "public_ip_id": "ocid1.publicip.oc1.iad.aaaaaaaasm6fpmcwrxlpfevk4m5e3lpbzziuc7z5kw7wftlaule3tsvcdtsa",
            "route_table_id": null,
            "state": "AVAILABLE",
            "time_created": "2023-08-11 17:37:09.888 +0000 UTC",
            "timeouts": null,
            "vcn_id": "ocid1.vcn.oc1.iad.amaaaaaaclwpmsiamayqapkwkmsqrhh2uu6npssmqprl5qy7tufhba3lyvqq"
          },
          "sensitive_attributes": [],
          "private": "eyJlMmJmYjczMC1lY2FhLTExZTYtOGY4OC0zNDM2M2JjN2M0YzAiOnsiY3JlYXRlIjoxMjAwMDAwMDAwMDAwLCJkZWxldGUiOjEyMDAwMDAwMDAwMDAsInVwZGF0ZSI6MTIwMDAwMDAwMDAwMH19",
          "dependencies": [
            "module.vcn-oci-spo1p.oci_core_vcn.cs_core_vcn"
          ]
        }
      ]
    },
    {
      "module": "module.vcn-oci-spo1p",
      "mode": "managed",
      "type": "oci_core_route_table",
      "name": "cs_route_table",
      "provider": "provider[\"registry.terraform.io/hashicorp/oci\"]",
      "instances": [
        {
          "index_key": "rt-sn-oci-spo1p0",
          "schema_version": 0,
          "attributes": {
            "compartment_id": "ocid1.tenancy.oc1..aaaaaaaarnqf3vhed7uvo2bgzhcvu3stm7azylxeacps653xpgk62jkkbvba",
            "defined_tags": {
              "Oracle-Tags.CreatedBy": "default/bryanquadrado2@gmail.com",
              "Oracle-Tags.CreatedOn": "2023-08-11T17:37:27.365Z"
            },
            "display_name": "rt-sn-oci-spo1p0",
            "freeform_tags": {},
            "id": "ocid1.routetable.oc1.iad.aaaaaaaaidw7yslvorhqj4lioe3c3wdoopicv55injysjmxyl6wdd63oqbqa",
            "route_rules": [
              {
                "cidr_block": "",
                "description": "Default Rule for IGW",
                "destination": "0.0.0.0/0",
                "destination_type": "CIDR_BLOCK",
                "network_entity_id": "ocid1.internetgateway.oc1.iad.aaaaaaaayitmszn65wdofmi4n53s56bqx75lshrjmdfk6l3bq4aq5phsomhq",
                "route_type": ""
              },
              {
                "cidr_block": "",
                "description": "Example rule with dest VCN I to DRG",
                "destination": "10.2.0.0/16",
                "destination_type": "CIDR_BLOCK",
                "network_entity_id": "ocid1.drg.oc1.iad.aaaaaaaaw547kflaugb5wt4y6rmvvyuveab5xdczfbge5wrhtdaxpnaq3aoa",
                "route_type": ""
              }
            ],
            "state": "AVAILABLE",
            "time_created": "2023-08-11 17:37:27.437 +0000 UTC",
            "timeouts": null,
            "vcn_id": "ocid1.vcn.oc1.iad.amaaaaaaclwpmsiamayqapkwkmsqrhh2uu6npssmqprl5qy7tufhba3lyvqq"
          },
          "sensitive_attributes": [],
          "private": "eyJlMmJmYjczMC1lY2FhLTExZTYtOGY4OC0zNDM2M2JjN2M0YzAiOnsiY3JlYXRlIjoxMjAwMDAwMDAwMDAwLCJkZWxldGUiOjEyMDAwMDAwMDAwMDAsInVwZGF0ZSI6MTIwMDAwMDAwMDAwMH19",
          "dependencies": [
            "module.drg-oci-spo1.oci_core_drg.cs_drg",
            "module.vcn-oci-spo1p.data.oci_core_services.all_services",
            "module.vcn-oci-spo1p.oci_core_internet_gateway.cs_internet_gateway",
            "module.vcn-oci-spo1p.oci_core_nat_gateway.cs_nat_gateway",
            "module.vcn-oci-spo1p.oci_core_service_gateway.cs_service_gateway",
            "module.vcn-oci-spo1p.oci_core_vcn.cs_core_vcn"
          ]
        },
        {
          "index_key": "rt-sn-oci-spo1p1",
          "schema_version": 0,
          "attributes": {
            "compartment_id": "ocid1.tenancy.oc1..aaaaaaaarnqf3vhed7uvo2bgzhcvu3stm7azylxeacps653xpgk62jkkbvba",
            "defined_tags": {
              "Oracle-Tags.CreatedBy": "default/bryanquadrado2@gmail.com",
              "Oracle-Tags.CreatedOn": "2023-08-11T17:37:27.393Z"
            },
            "display_name": "rt-sn-oci-spo1p1",
            "freeform_tags": {},
            "id": "ocid1.routetable.oc1.iad.aaaaaaaayw7gcupx5kto76gfs7uzwdligg5d4srznaz4e3agfc5dfeilfgra",
            "route_rules": [
              {
                "cidr_block": "",
                "description": "Default Rule for NGW",
                "destination": "0.0.0.0/0",
                "destination_type": "CIDR_BLOCK",
                "network_entity_id": "ocid1.natgateway.oc1.iad.aaaaaaaakejamw4ro4f664gqptkyvrs6axmgvetm4k7og6g5vhu4lwktwena",
                "route_type": ""
              },
              {
                "cidr_block": "",
                "description": "Default Rule for SGW",
                "destination": "all-iad-services-in-oracle-services-network",
                "destination_type": "SERVICE_CIDR_BLOCK",
                "network_entity_id": "ocid1.servicegateway.oc1.iad.aaaaaaaazy3imozrncn5ulaqmzh5p5jowuilgidskmcbu3byuwtx3fthgzjq",
                "route_type": ""
              },
              {
                "cidr_block": "",
                "description": "Example rule with dest VCN I to DRG",
                "destination": "10.2.0.0/16",
                "destination_type": "CIDR_BLOCK",
                "network_entity_id": "ocid1.drg.oc1.iad.aaaaaaaaw547kflaugb5wt4y6rmvvyuveab5xdczfbge5wrhtdaxpnaq3aoa",
                "route_type": ""
              }
            ],
            "state": "AVAILABLE",
            "time_created": "2023-08-11 17:37:27.607 +0000 UTC",
            "timeouts": null,
            "vcn_id": "ocid1.vcn.oc1.iad.amaaaaaaclwpmsiamayqapkwkmsqrhh2uu6npssmqprl5qy7tufhba3lyvqq"
          },
          "sensitive_attributes": [],
          "private": "eyJlMmJmYjczMC1lY2FhLTExZTYtOGY4OC0zNDM2M2JjN2M0YzAiOnsiY3JlYXRlIjoxMjAwMDAwMDAwMDAwLCJkZWxldGUiOjEyMDAwMDAwMDAwMDAsInVwZGF0ZSI6MTIwMDAwMDAwMDAwMH19",
          "dependencies": [
            "module.drg-oci-spo1.oci_core_drg.cs_drg",
            "module.vcn-oci-spo1p.data.oci_core_services.all_services",
            "module.vcn-oci-spo1p.oci_core_internet_gateway.cs_internet_gateway",
            "module.vcn-oci-spo1p.oci_core_nat_gateway.cs_nat_gateway",
            "module.vcn-oci-spo1p.oci_core_service_gateway.cs_service_gateway",
            "module.vcn-oci-spo1p.oci_core_vcn.cs_core_vcn"
          ]
        },
        {
          "index_key": "rt-sn-oci-spo1p2",
          "schema_version": 0,
          "attributes": {
            "compartment_id": "ocid1.tenancy.oc1..aaaaaaaarnqf3vhed7uvo2bgzhcvu3stm7azylxeacps653xpgk62jkkbvba",
            "defined_tags": {
              "Oracle-Tags.CreatedBy": "default/bryanquadrado2@gmail.com",
              "Oracle-Tags.CreatedOn": "2023-08-11T17:37:27.438Z"
            },
            "display_name": "rt-sn-oci-spo1p2",
            "freeform_tags": {},
            "id": "ocid1.routetable.oc1.iad.aaaaaaaamfqnolpwnovxkgbdg2mggo5cfez4ysw3nrlb2cyrtrcgqeym6erq",
            "route_rules": [
              {
                "cidr_block": "",
                "description": "Example rule with dest VCN I to DRG",
                "destination": "10.2.0.0/16",
                "destination_type": "CIDR_BLOCK",
                "network_entity_id": "ocid1.drg.oc1.iad.aaaaaaaaw547kflaugb5wt4y6rmvvyuveab5xdczfbge5wrhtdaxpnaq3aoa",
                "route_type": ""
              }
            ],
            "state": "AVAILABLE",
            "time_created": "2023-08-11 17:37:27.465 +0000 UTC",
            "timeouts": null,
            "vcn_id": "ocid1.vcn.oc1.iad.amaaaaaaclwpmsiamayqapkwkmsqrhh2uu6npssmqprl5qy7tufhba3lyvqq"
          },
          "sensitive_attributes": [],
          "private": "eyJlMmJmYjczMC1lY2FhLTExZTYtOGY4OC0zNDM2M2JjN2M0YzAiOnsiY3JlYXRlIjoxMjAwMDAwMDAwMDAwLCJkZWxldGUiOjEyMDAwMDAwMDAwMDAsInVwZGF0ZSI6MTIwMDAwMDAwMDAwMH19",
          "dependencies": [
            "module.drg-oci-spo1.oci_core_drg.cs_drg",
            "module.vcn-oci-spo1p.data.oci_core_services.all_services",
            "module.vcn-oci-spo1p.oci_core_internet_gateway.cs_internet_gateway",
            "module.vcn-oci-spo1p.oci_core_nat_gateway.cs_nat_gateway",
            "module.vcn-oci-spo1p.oci_core_service_gateway.cs_service_gateway",
            "module.vcn-oci-spo1p.oci_core_vcn.cs_core_vcn"
          ]
        }
      ]
    },
    {
      "module": "module.vcn-oci-spo1p",
      "mode": "managed",
      "type": "oci_core_service_gateway",
      "name": "cs_service_gateway",
      "provider": "provider[\"registry.terraform.io/hashicorp/oci\"]",
      "instances": [
        {
          "index_key": 0,
          "schema_version": 0,
          "attributes": {
            "block_traffic": false,
            "compartment_id": "ocid1.tenancy.oc1..aaaaaaaarnqf3vhed7uvo2bgzhcvu3stm7azylxeacps653xpgk62jkkbvba",
            "defined_tags": {
              "Oracle-Tags.CreatedBy": "default/bryanquadrado2@gmail.com",
              "Oracle-Tags.CreatedOn": "2023-08-11T17:37:11.148Z"
            },
            "display_name": "sg-oci-spo1p",
            "freeform_tags": {},
            "id": "ocid1.servicegateway.oc1.iad.aaaaaaaazy3imozrncn5ulaqmzh5p5jowuilgidskmcbu3byuwtx3fthgzjq",
            "route_table_id": null,
            "services": [
              {
                "service_id": "ocid1.service.oc1.iad.aaaaaaaam4zfmy2rjue6fmglumm3czgisxzrnvrwqeodtztg7hwa272mlfna",
                "service_name": "All IAD Services In Oracle Services Network"
              }
            ],
            "state": "AVAILABLE",
            "time_created": "2023-08-11 17:37:11.856 +0000 UTC",
            "timeouts": null,
            "vcn_id": "ocid1.vcn.oc1.iad.amaaaaaaclwpmsiamayqapkwkmsqrhh2uu6npssmqprl5qy7tufhba3lyvqq"
          },
          "sensitive_attributes": [],
          "private": "eyJlMmJmYjczMC1lY2FhLTExZTYtOGY4OC0zNDM2M2JjN2M0YzAiOnsiY3JlYXRlIjoxMjAwMDAwMDAwMDAwLCJkZWxldGUiOjEyMDAwMDAwMDAwMDAsInVwZGF0ZSI6MTIwMDAwMDAwMDAwMH19",
          "dependencies": [
            "module.vcn-oci-spo1p.data.oci_core_services.all_services",
            "module.vcn-oci-spo1p.oci_core_vcn.cs_core_vcn"
          ]
        }
      ]
    },
    {
      "module": "module.vcn-oci-spo1p",
      "mode": "managed",
      "type": "oci_core_subnet",
      "name": "cs_subnet",
      "provider": "provider[\"registry.terraform.io/hashicorp/oci\"]",
      "instances": [
        {
          "index_key": "sn-oci-spo1p0",
          "schema_version": 0,
          "attributes": {
            "availability_domain": null,
            "cidr_block": "10.1.0.0/24",
            "compartment_id": "ocid1.tenancy.oc1..aaaaaaaarnqf3vhed7uvo2bgzhcvu3stm7azylxeacps653xpgk62jkkbvba",
            "defined_tags": {
              "Oracle-Tags.CreatedBy": "default/bryanquadrado2@gmail.com",
              "Oracle-Tags.CreatedOn": "2023-08-11T17:37:28.553Z"
            },
            "dhcp_options_id": "ocid1.dhcpoptions.oc1.iad.aaaaaaaaylctzpzpdgniebg6hciuqgi5heqqlp3a5lvkds5lqssxf7fvmsga",
            "display_name": "sn-oci-spo1p0",
            "dns_label": "snocispo1p0",
            "freeform_tags": {},
            "id": "ocid1.subnet.oc1.iad.aaaaaaaay6gx2zqwtmvuwk7wmgmk7pwcuyiolsj25za4qsmnpfdasctagstq",
            "ipv6cidr_block": null,
            "ipv6cidr_blocks": [],
            "ipv6virtual_router_ip": null,
            "prohibit_internet_ingress": false,
            "prohibit_public_ip_on_vnic": false,
            "route_table_id": "ocid1.routetable.oc1.iad.aaaaaaaaidw7yslvorhqj4lioe3c3wdoopicv55injysjmxyl6wdd63oqbqa",
            "security_list_ids": [
              "ocid1.securitylist.oc1.iad.aaaaaaaapag36wrnub6jat7h2ms3fycbtdgqperuo67s4i63egpzsuwxpdyq"
            ],
            "state": "AVAILABLE",
            "subnet_domain_name": "snocispo1p0.spo1prd.oraclevcn.com",
            "time_created": "2023-08-11 17:37:31.219 +0000 UTC",
            "timeouts": null,
            "vcn_id": "ocid1.vcn.oc1.iad.amaaaaaaclwpmsiamayqapkwkmsqrhh2uu6npssmqprl5qy7tufhba3lyvqq",
            "virtual_router_ip": "10.1.0.1",
            "virtual_router_mac": "00:00:17:02:06:37"
          },
          "sensitive_attributes": [],
          "private": "eyJlMmJmYjczMC1lY2FhLTExZTYtOGY4OC0zNDM2M2JjN2M0YzAiOnsiY3JlYXRlIjoxMjAwMDAwMDAwMDAwLCJkZWxldGUiOjEyMDAwMDAwMDAwMDAsInVwZGF0ZSI6MTIwMDAwMDAwMDAwMH19",
          "dependencies": [
            "module.drg-oci-spo1.oci_core_drg.cs_drg",
            "module.vcn-oci-spo1p.data.oci_core_services.all_services",
            "module.vcn-oci-spo1p.oci_core_internet_gateway.cs_internet_gateway",
            "module.vcn-oci-spo1p.oci_core_nat_gateway.cs_nat_gateway",
            "module.vcn-oci-spo1p.oci_core_route_table.cs_route_table",
            "module.vcn-oci-spo1p.oci_core_service_gateway.cs_service_gateway",
            "module.vcn-oci-spo1p.oci_core_vcn.cs_core_vcn"
          ]
        },
        {
          "index_key": "sn-oci-spo1p1",
          "schema_version": 0,
          "attributes": {
            "availability_domain": null,
            "cidr_block": "10.1.1.0/24",
            "compartment_id": "ocid1.tenancy.oc1..aaaaaaaarnqf3vhed7uvo2bgzhcvu3stm7azylxeacps653xpgk62jkkbvba",
            "defined_tags": {
              "Oracle-Tags.CreatedBy": "default/bryanquadrado2@gmail.com",
              "Oracle-Tags.CreatedOn": "2023-08-11T17:37:28.550Z"
            },
            "dhcp_options_id": "ocid1.dhcpoptions.oc1.iad.aaaaaaaaylctzpzpdgniebg6hciuqgi5heqqlp3a5lvkds5lqssxf7fvmsga",
            "display_name": "sn-oci-spo1p1",
            "dns_label": "snocispo1p1",
            "freeform_tags": {},
            "id": "ocid1.subnet.oc1.iad.aaaaaaaalz7z4htirepxcljb4fiwh7avsdthduginqfyshfb73uoa4uz3bpq",
            "ipv6cidr_block": null,
            "ipv6cidr_blocks": [],
            "ipv6virtual_router_ip": null,
            "prohibit_internet_ingress": true,
            "prohibit_public_ip_on_vnic": true,
            "route_table_id": "ocid1.routetable.oc1.iad.aaaaaaaayw7gcupx5kto76gfs7uzwdligg5d4srznaz4e3agfc5dfeilfgra",
            "security_list_ids": [
              "ocid1.securitylist.oc1.iad.aaaaaaaapag36wrnub6jat7h2ms3fycbtdgqperuo67s4i63egpzsuwxpdyq"
            ],
            "state": "AVAILABLE",
            "subnet_domain_name": "snocispo1p1.spo1prd.oraclevcn.com",
            "time_created": "2023-08-11 17:37:30.735 +0000 UTC",
            "timeouts": null,
            "vcn_id": "ocid1.vcn.oc1.iad.amaaaaaaclwpmsiamayqapkwkmsqrhh2uu6npssmqprl5qy7tufhba3lyvqq",
            "virtual_router_ip": "10.1.1.1",
            "virtual_router_mac": "00:00:17:02:06:37"
          },
          "sensitive_attributes": [],
          "private": "eyJlMmJmYjczMC1lY2FhLTExZTYtOGY4OC0zNDM2M2JjN2M0YzAiOnsiY3JlYXRlIjoxMjAwMDAwMDAwMDAwLCJkZWxldGUiOjEyMDAwMDAwMDAwMDAsInVwZGF0ZSI6MTIwMDAwMDAwMDAwMH19",
          "dependencies": [
            "module.drg-oci-spo1.oci_core_drg.cs_drg",
            "module.vcn-oci-spo1p.data.oci_core_services.all_services",
            "module.vcn-oci-spo1p.oci_core_internet_gateway.cs_internet_gateway",
            "module.vcn-oci-spo1p.oci_core_nat_gateway.cs_nat_gateway",
            "module.vcn-oci-spo1p.oci_core_route_table.cs_route_table",
            "module.vcn-oci-spo1p.oci_core_service_gateway.cs_service_gateway",
            "module.vcn-oci-spo1p.oci_core_vcn.cs_core_vcn"
          ]
        },
        {
          "index_key": "sn-oci-spo1p2",
          "schema_version": 0,
          "attributes": {
            "availability_domain": null,
            "cidr_block": "10.1.2.0/24",
            "compartment_id": "ocid1.tenancy.oc1..aaaaaaaarnqf3vhed7uvo2bgzhcvu3stm7azylxeacps653xpgk62jkkbvba",
            "defined_tags": {
              "Oracle-Tags.CreatedBy": "default/bryanquadrado2@gmail.com",
              "Oracle-Tags.CreatedOn": "2023-08-11T17:37:28.592Z"
            },
            "dhcp_options_id": "ocid1.dhcpoptions.oc1.iad.aaaaaaaaylctzpzpdgniebg6hciuqgi5heqqlp3a5lvkds5lqssxf7fvmsga",
            "display_name": "sn-oci-spo1p2",
            "dns_label": "snocispo1p2",
            "freeform_tags": {},
            "id": "ocid1.subnet.oc1.iad.aaaaaaaabz5ijinie6add7qbuhgalll7bkcn4mfmacrc5ijo7hpr75ugibzq",
            "ipv6cidr_block": null,
            "ipv6cidr_blocks": [],
            "ipv6virtual_router_ip": null,
            "prohibit_internet_ingress": true,
            "prohibit_public_ip_on_vnic": true,
            "route_table_id": "ocid1.routetable.oc1.iad.aaaaaaaamfqnolpwnovxkgbdg2mggo5cfez4ysw3nrlb2cyrtrcgqeym6erq",
            "security_list_ids": [
              "ocid1.securitylist.oc1.iad.aaaaaaaapag36wrnub6jat7h2ms3fycbtdgqperuo67s4i63egpzsuwxpdyq"
            ],
            "state": "AVAILABLE",
            "subnet_domain_name": "snocispo1p2.spo1prd.oraclevcn.com",
            "time_created": "2023-08-11 17:37:28.688 +0000 UTC",
            "timeouts": null,
            "vcn_id": "ocid1.vcn.oc1.iad.amaaaaaaclwpmsiamayqapkwkmsqrhh2uu6npssmqprl5qy7tufhba3lyvqq",
            "virtual_router_ip": "10.1.2.1",
            "virtual_router_mac": "00:00:17:02:06:37"
          },
          "sensitive_attributes": [],
          "private": "eyJlMmJmYjczMC1lY2FhLTExZTYtOGY4OC0zNDM2M2JjN2M0YzAiOnsiY3JlYXRlIjoxMjAwMDAwMDAwMDAwLCJkZWxldGUiOjEyMDAwMDAwMDAwMDAsInVwZGF0ZSI6MTIwMDAwMDAwMDAwMH19",
          "dependencies": [
            "module.drg-oci-spo1.oci_core_drg.cs_drg",
            "module.vcn-oci-spo1p.data.oci_core_services.all_services",
            "module.vcn-oci-spo1p.oci_core_internet_gateway.cs_internet_gateway",
            "module.vcn-oci-spo1p.oci_core_nat_gateway.cs_nat_gateway",
            "module.vcn-oci-spo1p.oci_core_route_table.cs_route_table",
            "module.vcn-oci-spo1p.oci_core_service_gateway.cs_service_gateway",
            "module.vcn-oci-spo1p.oci_core_vcn.cs_core_vcn"
          ]
        }
      ]
    },
    {
      "module": "module.vcn-oci-spo1p",
      "mode": "managed",
      "type": "oci_core_vcn",
      "name": "cs_core_vcn",
      "provider": "provider[\"registry.terraform.io/hashicorp/oci\"]",
      "instances": [
        {
          "schema_version": 0,
          "attributes": {
            "byoipv6cidr_blocks": [],
            "byoipv6cidr_details": null,
            "cidr_block": "10.1.0.0/16",
            "cidr_blocks": [
              "10.1.0.0/16"
            ],
            "compartment_id": "ocid1.tenancy.oc1..aaaaaaaarnqf3vhed7uvo2bgzhcvu3stm7azylxeacps653xpgk62jkkbvba",
            "default_dhcp_options_id": "ocid1.dhcpoptions.oc1.iad.aaaaaaaaylctzpzpdgniebg6hciuqgi5heqqlp3a5lvkds5lqssxf7fvmsga",
            "default_route_table_id": "ocid1.routetable.oc1.iad.aaaaaaaacht4b33fsif54oitjpk25adc2kthva7pzz3rktdnk5adto6r2r7a",
            "default_security_list_id": "ocid1.securitylist.oc1.iad.aaaaaaaapag36wrnub6jat7h2ms3fycbtdgqperuo67s4i63egpzsuwxpdyq",
            "defined_tags": {
              "Oracle-Tags.CreatedBy": "default/bryanquadrado2@gmail.com",
              "Oracle-Tags.CreatedOn": "2023-08-11T17:37:08.267Z"
            },
            "display_name": "vcn-oci-spo1p",
            "dns_label": "spo1prd",
            "freeform_tags": {},
            "id": "ocid1.vcn.oc1.iad.amaaaaaaclwpmsiamayqapkwkmsqrhh2uu6npssmqprl5qy7tufhba3lyvqq",
            "ipv6cidr_blocks": [],
            "ipv6private_cidr_blocks": [],
            "is_ipv6enabled": false,
            "is_oracle_gua_allocation_enabled": null,
            "state": "AVAILABLE",
            "time_created": "2023-08-11 17:37:08.373 +0000 UTC",
            "timeouts": null,
            "vcn_domain_name": "spo1prd.oraclevcn.com"
          },
          "sensitive_attributes": [],
          "private": "eyJlMmJmYjczMC1lY2FhLTExZTYtOGY4OC0zNDM2M2JjN2M0YzAiOnsiY3JlYXRlIjoxMjAwMDAwMDAwMDAwLCJkZWxldGUiOjEyMDAwMDAwMDAwMDAsInVwZGF0ZSI6MTIwMDAwMDAwMDAwMH19"
        }
      ]
    }
  ],
  "check_results": null
}
